# This file is automatically @generated by Poetry and should not be changed by hand.

[[package]]
name = "appdirs"
version = "1.4.4"
description = "A small Python module for determining appropriate platform-specific dirs, e.g. a \"user data dir\"."
category = "main"
optional = false
python-versions = ">=2.7, !=3.0.*, !=3.1.*, !=3.2.*, !=3.3.*, !=3.4.*"
files = []
develop = false

[package.source]
type = "git"
url = "https://github.com/ActiveState/appdirs.git"
reference = "master"
resolved_reference = "8734277956c1df3b85385e6b308e954910533884"

[[package]]
name = "cx-freeze"
version = "6.12.0"
description = "Create standalone executables from Python scripts"
category = "dev"
optional = false
python-versions = ">=3.6"
files = [
    {file = "cx_Freeze-6.12.0-cp310-cp310-macosx_10_9_universal2.whl", hash = "sha256:8b1d64fad066dca4b70b9cf3e80026f380efc7b44ccea86d0a8991600f412dfd"},
    {file = "cx_Freeze-6.12.0-cp310-cp310-macosx_10_9_x86_64.whl", hash = "sha256:a8518162462fec973b9c89bf8d2f34452f74386e00b533ff655994608a8a56c6"},
    {file = "cx_Freeze-6.12.0-cp310-cp310-macosx_11_0_arm64.whl", hash = "sha256:c8b0ed69d6e3733171c7bf78cb8544445cc36df7d96a20a40831d067b407a086"},
    {file = "cx_Freeze-6.12.0-cp310-cp310-manylinux_2_17_aarch64.manylinux2014_aarch64.whl", hash = "sha256:2ad47aa57a89f0d86a6a08395c9eadce2780d1104002bf4c733ba7ac760a388c"},
    {file = "cx_Freeze-6.12.0-cp310-cp310-manylinux_2_17_x86_64.manylinux2014_x86_64.whl", hash = "sha256:6ab810343e921d2bdd6e313c3df8234b276a3838f8f0d1d2ec6c500a47b6a016"},
    {file = "cx_Freeze-6.12.0-cp310-cp310-win32.whl", hash = "sha256:a7c77ef922d2f3020409ef7e71d44fb90aa1df62be3a4f1a0210ea4e84fc2037"},
    {file = "cx_Freeze-6.12.0-cp310-cp310-win_amd64.whl", hash = "sha256:c56c29c95c81149d9265883bf48ff72b2788dccbf651f1443784a059e433c6b4"},
    {file = "cx_Freeze-6.12.0-cp311-cp311-macosx_10_9_universal2.whl", hash = "sha256:79fa96b39c51d4df912aa6d918f0a19d19b94f38bfff9ea199cdf33e373d7b8b"},
    {file = "cx_Freeze-6.12.0-cp311-cp311-macosx_10_9_x86_64.whl", hash = "sha256:0b6a8f361bae56daa4bf0170bc1eeb368a3515e23773e46b3578af07924633ab"},
    {file = "cx_Freeze-6.12.0-cp311-cp311-macosx_11_0_arm64.whl", hash = "sha256:2ed10f5d81c2964928b52bb4ec5f4d473177d14b181d248b157a88f364ad2b24"},
    {file = "cx_Freeze-6.12.0-cp311-cp311-manylinux_2_17_aarch64.manylinux2014_aarch64.whl", hash = "sha256:159f9fdfc86adc57c6f2a3a522275c195d2021c9890c54c007dccb7cb9db8383"},
    {file = "cx_Freeze-6.12.0-cp311-cp311-manylinux_2_17_x86_64.manylinux2014_x86_64.whl", hash = "sha256:6424852ab6b3fa71330bd65d5e86defd73b8811cbc6d9996e54e3e83ce46af16"},
    {file = "cx_Freeze-6.12.0-cp36-cp36m-macosx_10_9_x86_64.whl", hash = "sha256:3e1a61c4ce43914198ded561ef487fc6963f7d7c662f380814758e6f55b94f7c"},
    {file = "cx_Freeze-6.12.0-cp36-cp36m-manylinux_2_17_aarch64.manylinux2014_aarch64.whl", hash = "sha256:e152398c5dbb1030245febb5c10537063c514ea7513e1fe6048a4ee07d678f5c"},
    {file = "cx_Freeze-6.12.0-cp36-cp36m-manylinux_2_17_x86_64.manylinux2014_x86_64.whl", hash = "sha256:ee93c21515a7e13fb55b34eb5e35eb5c904cb74e66771317b61d799028bdd5ad"},
    {file = "cx_Freeze-6.12.0-cp36-cp36m-win32.whl", hash = "sha256:890fee78b114083fecb82802d5dbbad6b37c3a9396aae1e4c959d213678fbc7d"},
    {file = "cx_Freeze-6.12.0-cp36-cp36m-win_amd64.whl", hash = "sha256:2220ab28abd29ae25da2f86e79e85b37f30fa81dcb31e8da550cfb312be31b9f"},
    {file = "cx_Freeze-6.12.0-cp37-cp37m-macosx_10_9_x86_64.whl", hash = "sha256:c92cda2706764bc17d8b8162bf6c2df1026891ae3f48e52e067ec3fb227513a9"},
    {file = "cx_Freeze-6.12.0-cp37-cp37m-manylinux_2_17_aarch64.manylinux2014_aarch64.whl", hash = "sha256:072af5bb5543882578d586c0d2baaded7da3298673bd5072318b0011111a41b8"},
    {file = "cx_Freeze-6.12.0-cp37-cp37m-manylinux_2_17_x86_64.manylinux2014_x86_64.whl", hash = "sha256:918cab0c6a0eec7db285e3bddbafcdb4dbb16ec60c998b4898da4edf4f663670"},
    {file = "cx_Freeze-6.12.0-cp37-cp37m-win32.whl", hash = "sha256:36d7be0e1b1fe0812c9cc626867989e2fc7cb6fcf4002eb385156d1ca84d4bd6"},
    {file = "cx_Freeze-6.12.0-cp37-cp37m-win_amd64.whl", hash = "sha256:8f82f11307bbf1332eb7aa2b91b93ff14519dc88e122134935e95e85f7df9f0d"},
    {file = "cx_Freeze-6.12.0-cp38-cp38-macosx_10_9_x86_64.whl", hash = "sha256:4299bb469c0a94d72313d5b6259c5f9917a4389d400a156eff6269159168d986"},
    {file = "cx_Freeze-6.12.0-cp38-cp38-manylinux_2_17_aarch64.manylinux2014_aarch64.whl", hash = "sha256:228c482687b1bd1451bb64dba219fedf10a1fa8f0aa0ada92059a29af1dfcf4f"},
    {file = "cx_Freeze-6.12.0-cp38-cp38-manylinux_2_17_x86_64.manylinux2014_x86_64.whl", hash = "sha256:ffabcc6fde64ea851ccc6c0acda29de5e6ad4c35ca6949b22ba3e89285274ee6"},
    {file = "cx_Freeze-6.12.0-cp38-cp38-win32.whl", hash = "sha256:80b791e40184f8d3a26a9b8eae81a98778cadf23136f4de27c0b585eb9c5662a"},
    {file = "cx_Freeze-6.12.0-cp38-cp38-win_amd64.whl", hash = "sha256:104c9a7d641e3f21faea8a64805bf24bbb79b599018e93add927372fa88532fd"},
    {file = "cx_Freeze-6.12.0-cp39-cp39-macosx_10_9_universal2.whl", hash = "sha256:3be232b1dfcd498e497c44fa18e74d4a8ce7e877a22d765ddfa89b2b5bbef1db"},
    {file = "cx_Freeze-6.12.0-cp39-cp39-macosx_10_9_x86_64.whl", hash = "sha256:358cd51f2978370aebaf00452ec997153cf1dd830513554d186d1d2f591a6c8b"},
    {file = "cx_Freeze-6.12.0-cp39-cp39-macosx_11_0_arm64.whl", hash = "sha256:596fb0ac82199c9d6120f34fdff5331fd6fab4cfbb10ed1605e2149f15ec6748"},
    {file = "cx_Freeze-6.12.0-cp39-cp39-manylinux_2_17_aarch64.manylinux2014_aarch64.whl", hash = "sha256:a6360a195c3f48d4617bff0bfbf23201d238727e8bec7cf34d4d9ab571877a0d"},
    {file = "cx_Freeze-6.12.0-cp39-cp39-manylinux_2_17_x86_64.manylinux2014_x86_64.whl", hash = "sha256:43d99446adae63480e60aeb4c7275e7034a2eb4269c6e8db18e4e917220d0d29"},
    {file = "cx_Freeze-6.12.0-cp39-cp39-win32.whl", hash = "sha256:fba3fd32c46a0dec08674ad280fc94f1d55f14881396cb205a6a36ec0d69babe"},
    {file = "cx_Freeze-6.12.0-cp39-cp39-win_amd64.whl", hash = "sha256:2eef6954b5152153440dadf6bc29d1233f1c4af9ba1c09f00b48b268af5d9fc5"},
    {file = "cx_Freeze-6.12.0.tar.gz", hash = "sha256:4caf5258192337e1d0c63376d79cc875a6af17690b676461d09e2ef018f67096"},
]

[package.dependencies]
cx-logging = {version = ">=3.0", markers = "sys_platform == \"win32\" and python_version < \"3.10\""}
importlib-metadata = {version = ">=4.8.3", markers = "python_version < \"3.10\""}
lief = {version = ">=0.11.5", markers = "sys_platform == \"win32\""}
packaging = ">=21.0"
patchelf = {version = ">=0.12", markers = "sys_platform == \"linux\""}
setuptools = ">=59.0.1,<66"

[package.extras]
dev = ["bump2version (>=1.0.1)", "cibuildwheel (>=2.8.1)", "pre-commit (>=2.17.0)", "pylint (>=2.13.0)", "wheel (>=0.36.2)"]
doc = ["sphinx (>=5.0.1,<5.2.0)", "sphinx-rtd-theme (==1.0.0)"]
test = ["nose (==1.3.7)", "pygments (>=2.11.2)", "pytest (>=7.0.1)", "pytest-cov (>=3.0.0)", "pytest-mock (>=3.6.1)", "pytest-timeout (>=1.4.2)"]

[[package]]
name = "cx-logging"
version = "3.2.0"
description = "Python and C interfaces for logging"
category = "dev"
optional = false
python-versions = ">=3.8"
files = [
    {file = "cx_Logging-3.2.0-cp310-cp310-manylinux_2_17_aarch64.manylinux2014_aarch64.whl", hash = "sha256:d40c1a4dcd54eff3335f34a2f9af9e29f29b45441fa99f90d6710ffae130a826"},
    {file = "cx_Logging-3.2.0-cp310-cp310-manylinux_2_17_x86_64.manylinux2014_x86_64.whl", hash = "sha256:705c1baf94ac49ba7bc807deeef18e1613b27ebdfacb15ab5702ec07f5f04446"},
    {file = "cx_Logging-3.2.0-cp310-cp310-win32.whl", hash = "sha256:3a0e153c9ed70ea5f8cea27c34052fd815d93d0858c7867f926274b5ccb04ee5"},
    {file = "cx_Logging-3.2.0-cp310-cp310-win_amd64.whl", hash = "sha256:20ff0e7ee0da525ca8b31bd4af49819aee220307896f98a68d8794a5c1f6fde2"},
    {file = "cx_Logging-3.2.0-cp311-cp311-manylinux_2_17_aarch64.manylinux2014_aarch64.whl", hash = "sha256:369dc509e65ceb3244281e89a8db99a7d67bde524d7bc9ab650282d44e153a06"},
    {file = "cx_Logging-3.2.0-cp311-cp311-manylinux_2_17_x86_64.manylinux2014_x86_64.whl", hash = "sha256:12e7713ffed11d7020b35623470c24af3223175ae38ea93797712e55219648e1"},
    {file = "cx_Logging-3.2.0-cp311-cp311-win32.whl", hash = "sha256:77449b6c48902ec24d876643d66a37d841c6aa425f4f0ae7ff64bf53e3565e11"},
    {file = "cx_Logging-3.2.0-cp311-cp311-win_amd64.whl", hash = "sha256:e0cfcd5c88694e062465db50410be53ce5a957ad3d50b90a8f4bd03c98f73c7b"},
    {file = "cx_Logging-3.2.0-cp312-cp312-manylinux_2_17_aarch64.manylinux2014_aarch64.whl", hash = "sha256:031fe74ca61bf6084d64e835a7801b3c8d8758737fcadae234ba8b09a16d1368"},
    {file = "cx_Logging-3.2.0-cp312-cp312-manylinux_2_17_x86_64.manylinux2014_x86_64.whl", hash = "sha256:2d29550bec4fdd7ce05b23ae6d3539a33060feb24ff39d5cbb89925d59b018b7"},
    {file = "cx_Logging-3.2.0-cp312-cp312-win32.whl", hash = "sha256:4328097f6034be241e02146af8e199382e7f30019272c26768e4cd3e5122d3f9"},
    {file = "cx_Logging-3.2.0-cp312-cp312-win_amd64.whl", hash = "sha256:2496386a36f63233fe77e7e68539910b9429df2f922be1af71309be59dca11f3"},
    {file = "cx_Logging-3.2.0-cp38-cp38-manylinux_2_17_aarch64.manylinux2014_aarch64.whl", hash = "sha256:03b725bbbe455a87c92c125e246a8c0c1f44bb20c7af0048e4c209cfc2a1a180"},
    {file = "cx_Logging-3.2.0-cp38-cp38-manylinux_2_17_x86_64.manylinux2014_x86_64.whl", hash = "sha256:ac2957603ec1b1d3f7274b834ade52fb3004e0d4b9e3414b8593c60de5e3cf39"},
    {file = "cx_Logging-3.2.0-cp38-cp38-win32.whl", hash = "sha256:08bf89fa288c4aae9ad34534813aea1e275beb052bc40c7e4ef76862954c61b7"},
    {file = "cx_Logging-3.2.0-cp38-cp38-win_amd64.whl", hash = "sha256:e7c883b1cfd76a44ded9677333bebb01e50970b52bdc5746cc2f45a661cebb7a"},
    {file = "cx_Logging-3.2.0-cp39-cp39-manylinux_2_17_aarch64.manylinux2014_aarch64.whl", hash = "sha256:00f23737f81d6b88a74b4f33bce5ea114283aab153a0d6c290b0626e5deb7978"},
    {file = "cx_Logging-3.2.0-cp39-cp39-manylinux_2_17_x86_64.manylinux2014_x86_64.whl", hash = "sha256:1f40486414ba63fef003167c6942a08fd699b3197d359ca56441ddf2d82a7e6d"},
    {file = "cx_Logging-3.2.0-cp39-cp39-win32.whl", hash = "sha256:7d85861c70012c24415e488cff14ec6ba029d097b4d2b4d3effd6a5b1d5ce287"},
    {file = "cx_Logging-3.2.0-cp39-cp39-win_amd64.whl", hash = "sha256:aafd5c2156751e473b4a8d331d01e70e872b235068da2158a29e377777baac63"},
    {file = "cx_Logging-3.2.0.tar.gz", hash = "sha256:bdbad6d2e6a0cc5bef962a34d7aa1232e88ea9f3541d6e2881675b5e7eab5502"},
]

[[package]]
name = "importlib-metadata"
version = "7.1.0"
description = "Read metadata from Python packages"
category = "dev"
optional = false
python-versions = ">=3.8"
files = [
    {file = "importlib_metadata-7.1.0-py3-none-any.whl", hash = "sha256:30962b96c0c223483ed6cc7280e7f0199feb01a0e40cfae4d4450fc6fab1f570"},
    {file = "importlib_metadata-7.1.0.tar.gz", hash = "sha256:b78938b926ee8d5f020fc4772d487045805a55ddbad2ecf21c6d60938dc7fcd2"},
]

[package.dependencies]
zipp = ">=0.5"

[package.extras]
docs = ["furo", "jaraco.packaging (>=9.3)", "jaraco.tidelift (>=1.4)", "rst.linker (>=1.9)", "sphinx (>=3.5)", "sphinx-lint"]
perf = ["ipython"]
testing = ["flufl.flake8", "importlib-resources (>=1.3)", "jaraco.test (>=5.4)", "packaging", "pyfakefs", "pytest (>=6)", "pytest-checkdocs (>=2.4)", "pytest-cov", "pytest-enabler (>=2.2)", "pytest-mypy", "pytest-perf (>=0.9.2)", "pytest-ruff (>=0.2.1)"]

[[package]]
name = "lief"
version = "0.14.1"
description = "Library to instrument executable formats"
category = "dev"
optional = false
python-versions = ">=3.8"
files = [
    {file = "lief-0.14.1-cp310-cp310-macosx_11_0_arm64.whl", hash = "sha256:7a9a94882f9af110fb01b4558a58941d2352b9a4ae3fef15570a3fab921ff462"},
    {file = "lief-0.14.1-cp310-cp310-macosx_11_0_x86_64.whl", hash = "sha256:bcc06f24f64fa6f20372d625ce60c40a7a6f669e11bdd02c2f0b8c5c6d09a5ee"},
    {file = "lief-0.14.1-cp310-cp310-manylinux2014_aarch64.whl", hash = "sha256:d22f804eee7f1b4a4b37e7a3d35e2003c4c054f3450d40389e54c8ac9fc2a5db"},
    {file = "lief-0.14.1-cp310-cp310-manylinux_2_28_x86_64.manylinux_2_27_x86_64.whl", hash = "sha256:26134815adecfd7f15dfbdf12cc64df25bcf3d0db917cf115fc3b296d09be496"},
    {file = "lief-0.14.1-cp310-cp310-win32.whl", hash = "sha256:6ca0220189698599df30b8044f43fb1fc7ba919fb9ef6047c892f9faee16393a"},
    {file = "lief-0.14.1-cp310-cp310-win_amd64.whl", hash = "sha256:c321234b50997c217107c09e69f53518c37fac637f8735c968c258dd4c748fb2"},
    {file = "lief-0.14.1-cp311-cp311-macosx_11_0_arm64.whl", hash = "sha256:3ca365c704c6b6b1ce631b92fea2eddaf93d66c897a0ec4ab51e9ab9e3345920"},
    {file = "lief-0.14.1-cp311-cp311-macosx_11_0_x86_64.whl", hash = "sha256:1f3c40eadff07a4c8fa74f1e268f9fa70b68f39b6795a00cd82160ca6782d5c3"},
    {file = "lief-0.14.1-cp311-cp311-manylinux2014_aarch64.whl", hash = "sha256:c202ed13b641db2e1f8a24743fb0c85595b32ea92cc3c517d3f7a9977e16dcb4"},
    {file = "lief-0.14.1-cp311-cp311-manylinux_2_28_x86_64.manylinux_2_27_x86_64.whl", hash = "sha256:fd481bfdfef04e8be4d200bca771d0d9394d9146c6cd403f9e58c80c4196a24e"},
    {file = "lief-0.14.1-cp311-cp311-win32.whl", hash = "sha256:473e9a37beef8db8bab1a777271aa49cce44dfe35af65cb8fad576377518c0bd"},
    {file = "lief-0.14.1-cp311-cp311-win_amd64.whl", hash = "sha256:24f687244e14d4a8307430babc5c712a1dd4e519172886ad4aeb9825f88f7569"},
    {file = "lief-0.14.1-cp312-cp312-macosx_11_0_arm64.whl", hash = "sha256:6df40e3750b8b26f88a6b28ac01db7338cdb6158f28363c755bf36452ce20d28"},
    {file = "lief-0.14.1-cp312-cp312-macosx_11_0_x86_64.whl", hash = "sha256:e7f7a55db2fcf269569f9e9fa5ea752620396de17bd9d29fc8b29e176975ecdb"},
    {file = "lief-0.14.1-cp312-cp312-manylinux2014_aarch64.whl", hash = "sha256:50795b51884b76a78c481d6d069d992561c217180bd81cf12554180389eff0a3"},
    {file = "lief-0.14.1-cp312-cp312-manylinux_2_28_x86_64.manylinux_2_27_x86_64.whl", hash = "sha256:497b88f9c9aaae999766ba188744ee35c5f38b4b64016f7dbb7037e9bf325382"},
    {file = "lief-0.14.1-cp312-cp312-win32.whl", hash = "sha256:08bad88083f696915f8dcda4042a3bfc514e17462924ec8984085838b2261921"},
    {file = "lief-0.14.1-cp312-cp312-win_amd64.whl", hash = "sha256:e131d6158a085f8a72124136816fefc29405c725cd3695ce22a904e471f0f815"},
    {file = "lief-0.14.1-cp38-cp38-macosx_11_0_arm64.whl", hash = "sha256:df650fa05ca131e4dfeb42c77985e1eb239730af9944bc0aadb1dfac8576e0e8"},
    {file = "lief-0.14.1-cp38-cp38-macosx_11_0_x86_64.whl", hash = "sha256:b4e76eeb48ca2925c6ca6034d408582615f2faa855f9bb11482e7acbdecc4803"},
    {file = "lief-0.14.1-cp38-cp38-manylinux2014_aarch64.whl", hash = "sha256:016e4fac91303466024154dd3c4b599e8b7c52882f72038b62a2be386d98c8f9"},
    {file = "lief-0.14.1-cp38-cp38-manylinux_2_28_x86_64.manylinux_2_27_x86_64.whl", hash = "sha256:9a5c7732a3ce53b306c8180ab64fdfb36d8cd9df91aedd9e2b4dad9faf47492b"},
    {file = "lief-0.14.1-cp38-cp38-win32.whl", hash = "sha256:7030c22a4446ea2ac673fd50128e9c639121c0a4dae11ca1cd8cc20d62d26e7e"},
    {file = "lief-0.14.1-cp38-cp38-win_amd64.whl", hash = "sha256:4a35ceeee74bb9bb4c7171f4bca814576a3aa6dec16a0a9469e5743db0a9ba0c"},
    {file = "lief-0.14.1-cp39-cp39-macosx_11_0_arm64.whl", hash = "sha256:abb15e4de34e70661fd35e87e2634abf0ae57a8c8ac78d02ad4259f5a5817e26"},
    {file = "lief-0.14.1-cp39-cp39-macosx_11_0_x86_64.whl", hash = "sha256:33d062340c709c1a33539d221ea3cb764cbb8d7c9ee8aae28bf9797bc8715a0b"},
    {file = "lief-0.14.1-cp39-cp39-manylinux2014_aarch64.whl", hash = "sha256:66deb1b26de43acb2fd0b2fc5e6be70093eaaa93797332cc4613e163164c77e7"},
    {file = "lief-0.14.1-cp39-cp39-manylinux_2_28_x86_64.manylinux_2_27_x86_64.whl", hash = "sha256:c1c15bd3e5b15da6dcc0ba75d5549f15bfbf9214c0d8e3938f85877a40c352d9"},
    {file = "lief-0.14.1-cp39-cp39-win32.whl", hash = "sha256:ebcbe4eadd33d8cf2c6015f44d6c9b72f81388af745938e633c4bb90262b2036"},
    {file = "lief-0.14.1-cp39-cp39-win_amd64.whl", hash = "sha256:2db3eb282a35daf51f89c6509226668a08fb6a6d1f507dd549dd9f077585db11"},
]

[[package]]
name = "packaging"
version = "24.0"
description = "Core utilities for Python packages"
category = "dev"
optional = false
python-versions = ">=3.7"
files = [
    {file = "packaging-24.0-py3-none-any.whl", hash = "sha256:2ddfb553fdf02fb784c234c7ba6ccc288296ceabec964ad2eae3777778130bc5"},
    {file = "packaging-24.0.tar.gz", hash = "sha256:eb82c5e3e56209074766e6885bb04b8c38a0c015d0a30036ebe7ece34c9989e9"},
]

[[package]]
name = "patchelf"
version = "0.17.2.1"
description = "A small utility to modify the dynamic linker and RPATH of ELF executables."
category = "dev"
optional = false
python-versions = "*"
files = [
    {file = "patchelf-0.17.2.1-py2.py3-none-manylinux_2_17_aarch64.manylinux2014_aarch64.musllinux_1_1_aarch64.whl", hash = "sha256:fc329da0e8f628bd836dfb8eaf523547e342351fa8f739bf2b3fe4a6db5a297c"},
    {file = "patchelf-0.17.2.1-py2.py3-none-manylinux_2_17_armv7l.manylinux2014_armv7l.musllinux_1_1_armv7l.whl", hash = "sha256:ccb266a94edf016efe80151172c26cff8c2ec120a57a1665d257b0442784195d"},
    {file = "patchelf-0.17.2.1-py2.py3-none-manylinux_2_17_ppc64le.manylinux2014_ppc64le.musllinux_1_1_ppc64le.whl", hash = "sha256:f47b5bdd6885cfb20abdd14c707d26eb6f499a7f52e911865548d4aa43385502"},
    {file = "patchelf-0.17.2.1-py2.py3-none-manylinux_2_17_s390x.manylinux2014_s390x.musllinux_1_1_s390x.whl", hash = "sha256:a9e6ebb0874a11f7ed56d2380bfaa95f00612b23b15f896583da30c2059fcfa8"},
    {file = "patchelf-0.17.2.1-py2.py3-none-manylinux_2_5_i686.manylinux1_i686.musllinux_1_1_i686.whl", hash = "sha256:3c8d58f0e4c1929b1c7c45ba8da5a84a8f1aa6a82a46e1cfb2e44a4d40f350e5"},
    {file = "patchelf-0.17.2.1-py2.py3-none-manylinux_2_5_x86_64.manylinux1_x86_64.musllinux_1_1_x86_64.whl", hash = "sha256:d1a9bc0d4fd80c038523ebdc451a1cce75237cfcc52dbd1aca224578001d5927"},
    {file = "patchelf-0.17.2.1.tar.gz", hash = "sha256:a6eb0dd452ce4127d0d5e1eb26515e39186fa609364274bc1b0b77539cfa7031"},
]

[package.extras]
test = ["importlib-metadata", "pytest"]

[[package]]
name = "semver"
version = "2.13.0"
description = "Python helper for Semantic Versioning (http://semver.org/)"
category = "main"
optional = false
python-versions = ">=2.7, !=3.0.*, !=3.1.*, !=3.2.*, !=3.3.*"
files = [
    {file = "semver-2.13.0-py2.py3-none-any.whl", hash = "sha256:ced8b23dceb22134307c1b8abfa523da14198793d9787ac838e70e29e77458d4"},
    {file = "semver-2.13.0.tar.gz", hash = "sha256:fa0fe2722ee1c3f57eac478820c3a5ae2f624af8264cbdf9000c980ff7f75e3f"},
]

[[package]]
name = "setuptools"
version = "65.7.0"
description = "Easily download, build, install, upgrade, and uninstall Python packages"
category = "dev"
optional = false
python-versions = ">=3.7"
files = [
    {file = "setuptools-65.7.0-py3-none-any.whl", hash = "sha256:8ab4f1dbf2b4a65f7eec5ad0c620e84c34111a68d3349833494b9088212214dd"},
    {file = "setuptools-65.7.0.tar.gz", hash = "sha256:4d3c92fac8f1118bb77a22181355e29c239cabfe2b9effdaa665c66b711136d7"},
]

[package.extras]
docs = ["furo", "jaraco.packaging (>=9)", "jaraco.tidelift (>=1.4)", "pygments-github-lexers (==0.0.5)", "rst.linker (>=1.9)", "sphinx (>=3.5)", "sphinx-favicon", "sphinx-hoverxref (<2)", "sphinx-inline-tabs", "sphinx-lint", "sphinx-notfound-page (==0.8.3)", "sphinx-reredirects", "sphinxcontrib-towncrier"]
testing = ["build[virtualenv]", "filelock (>=3.4.0)", "flake8 (<5)", "flake8-2020", "ini2toml[lite] (>=0.9)", "jaraco.envs (>=2.2)", "jaraco.path (>=3.2.0)", "pip (>=19.1)", "pip-run (>=8.8)", "pytest (>=6)", "pytest-black (>=0.3.7)", "pytest-checkdocs (>=2.4)", "pytest-cov", "pytest-enabler (>=1.3)", "pytest-flake8", "pytest-mypy (>=0.9.1)", "pytest-perf", "pytest-timeout", "pytest-xdist", "tomli-w (>=1.0.0)", "virtualenv (>=13.0.0)", "wheel"]
testing-integration = ["build[virtualenv]", "filelock (>=3.4.0)", "jaraco.envs (>=2.2)", "jaraco.path (>=3.2.0)", "pytest", "pytest-enabler", "pytest-xdist", "tomli", "virtualenv (>=13.0.0)", "wheel"]

[[package]]
name = "zipp"
version = "3.18.1"
description = "Backport of pathlib-compatible object wrapper for zip files"
category = "dev"
optional = false
python-versions = ">=3.8"
files = [
    {file = "zipp-3.18.1-py3-none-any.whl", hash = "sha256:206f5a15f2af3dbaee80769fb7dc6f249695e940acca08dfb2a4769fe61e538b"},
    {file = "zipp-3.18.1.tar.gz", hash = "sha256:2884ed22e7d8961de1c9a05142eb69a247f120291bc0206a00a7642f09b5b715"},
]

[package.extras]
docs = ["furo", "jaraco.packaging (>=9.3)", "jaraco.tidelift (>=1.4)", "rst.linker (>=1.9)", "sphinx (>=3.5)", "sphinx-lint"]
testing = ["big-O", "jaraco.functools", "jaraco.itertools", "more-itertools", "pytest (>=6)", "pytest-checkdocs (>=2.4)", "pytest-cov", "pytest-enabler (>=2.2)", "pytest-ignore-flaky", "pytest-mypy", "pytest-ruff (>=0.2.1)"]

[metadata]
lock-version = "2.0"
python-versions = ">=3.9.1,<3.10"
content-hash = "d8a527f3548b862fc0274a06697f9c398748beaedac26c2a099d7da536a40eb0"
