version = 1
revision = 1
requires-python = ">=3.9, <4"
resolution-markers = [
    "(platform_machine != 'aarch64' and platform_machine != 'armv7l' and platform_machine != 'i686' and platform_machine != 'ppc64le' and platform_machine != 's390x' and platform_machine != 'x86_64') or sys_platform != 'linux'",
    "platform_machine == 'x86_64' and sys_platform == 'linux'",
    "platform_machine == 'i686' and sys_platform == 'linux'",
    "platform_machine == 'aarch64' and sys_platform == 'linux'",
    "platform_machine == 'armv7l' and sys_platform == 'linux'",
    "platform_machine == 'ppc64le' and sys_platform == 'linux'",
    "platform_machine == 's390x' and sys_platform == 'linux'",
]

[[package]]
name = "ayon-shim"
version = "1.0.0"
source = { virtual = "." }
dependencies = [
    { name = "cx-freeze" },
    { name = "platformdirs" },
    { name = "semver" },
]

[package.metadata]
requires-dist = [
    { name = "cx-freeze", specifier = "~=8.3.0" },
    { name = "platformdirs", specifier = "~=3.0.0" },
    { name = "semver", specifier = "~=2.13.0" },
]

[[package]]
name = "cabarchive"
version = "0.2.4"
source = { registry = "https://pypi.org/simple" }
sdist = { url = "https://files.pythonhosted.org/packages/28/d3/a544aed878edc269ce4427bc937310b73624e1d595de7f4e5bcab413a639/cabarchive-0.2.4.tar.gz", hash = "sha256:04f60089473114cf26eab2b7e1d09611c5bfaf8edd3202dacef66bb5c71e48cf", size = 21064 }
wheels = [
    { url = "https://files.pythonhosted.org/packages/0f/fb/713421f46c68f4bf9cd26f05bda0c233446108997b6b4d83d7ef07f20009/cabarchive-0.2.4-py3-none-any.whl", hash = "sha256:4afabd224eb2e40af8e907379fb8eec6b0adfb71c2aef4457ec3a4d77383c059", size = 25729 },
]

[[package]]
name = "cx-freeze"
version = "8.3.0"
source = { registry = "https://pypi.org/simple" }
dependencies = [
    { name = "cabarchive", marker = "sys_platform == 'win32'" },
    { name = "cx-logging", marker = "platform_machine != 'ARM64' and sys_platform == 'win32'" },
    { name = "dmgbuild", marker = "sys_platform == 'darwin'" },
    { name = "filelock" },
    { name = "lief", marker = "platform_machine != 'ARM64' and sys_platform == 'win32'" },
    { name = "packaging" },
    { name = "patchelf", marker = "(platform_machine == 'aarch64' and sys_platform == 'linux') or (platform_machine == 'armv7l' and sys_platform == 'linux') or (platform_machine == 'i686' and sys_platform == 'linux') or (platform_machine == 'ppc64le' and sys_platform == 'linux') or (platform_machine == 's390x' and sys_platform == 'linux') or (platform_machine == 'x86_64' and sys_platform == 'linux')" },
    { name = "setuptools" },
    { name = "striprtf", marker = "sys_platform == 'win32'" },
    { name = "tomli", marker = "python_full_version < '3.11'" },
]
sdist = { url = "https://files.pythonhosted.org/packages/92/fa/835edcb0bbfffc09bea4a723c26779e3691513c6bfd41dc92498289218be/cx_freeze-8.3.0.tar.gz", hash = "sha256:491998d513f04841ec7967e2a3792db198597bde8a0c9333706b1f96060bdb35", size = 3180070 }
wheels = [
    { url = "https://files.pythonhosted.org/packages/1a/62/c70bcc537051e03a71f99450f51bfe7bcfd240829639d7c05a53221acd42/cx_freeze-8.3.0-cp310-cp310-macosx_10_9_universal2.whl", hash = "sha256:b9f967d10ebd8993e03c26b7fe25a1b9e34b523540f92a504583abe81a891ee7", size = 19140451 },
    { url = "https://files.pythonhosted.org/packages/e2/07/aae1ecd6da92eba3c8d5bb71dc3e7a2aa51232c228afe3e32e43c87ff530/cx_freeze-8.3.0-cp310-cp310-manylinux_2_17_x86_64.manylinux2014_x86_64.whl", hash = "sha256:1dfed39871d1623436d726bf239ac361c0f744c073b60bdcad9278465bae70f8", size = 13232549 },
    { url = "https://files.pythonhosted.org/packages/36/20/00621712b7b5087f5e32d8ce63ba7ce4013ea971d51e1d0e70cce5b340c0/cx_freeze-8.3.0-cp310-cp310-win32.whl", hash = "sha256:848611568876236fbedb21c9307afad24df239f3ecd378f6f161fe5a80192db0", size = 2225763 },
    { url = "https://files.pythonhosted.org/packages/cb/88/364c89d2a439c33c204112931088dc8da7161d2013103b77170fca699b5b/cx_freeze-8.3.0-cp310-cp310-win_amd64.whl", hash = "sha256:5e1ee15d2abfb238c1f19a764608dfc8ee7f755f77a5d53de996cd1579e420d1", size = 2230495 },
    { url = "https://files.pythonhosted.org/packages/04/f6/ae15b89dd00a6dddebdcc25599915ee94d612d9fe502df0b46ba213d30fe/cx_freeze-8.3.0-cp311-cp311-macosx_10_9_universal2.whl", hash = "sha256:197746f5df28bf136554cecf1d45504784734343f05ac34889ffef2265ed895f", size = 21647628 },
    { url = "https://files.pythonhosted.org/packages/77/ba/004331711db1913bc27a844d6cb89b48b0dabea0fadc0adf57dd2e090b80/cx_freeze-8.3.0-cp311-cp311-manylinux_2_17_aarch64.manylinux2014_aarch64.whl", hash = "sha256:942cec33e2f5c31b97b43a2040fdd8e3f43e783233fb6f695989242078417f47", size = 13795087 },
    { url = "https://files.pythonhosted.org/packages/6c/5f/9d66343f42c5fdfaa0e4afb3def357b54159a034f0990adbf27ba5c08620/cx_freeze-8.3.0-cp311-cp311-manylinux_2_17_ppc64le.manylinux2014_ppc64le.whl", hash = "sha256:af62ea35cf5b1d13c6c42dca240388d6ed880e503e2e28c3346a8666be04655c", size = 15270022 },
    { url = "https://files.pythonhosted.org/packages/94/d1/c073a99d2633a1c231921d5a9ba9f1f94485da7a75d0139101f4e157c1c5/cx_freeze-8.3.0-cp311-cp311-manylinux_2_17_x86_64.manylinux2014_x86_64.whl", hash = "sha256:349fd483db63f3552305d62d10e645dd0e68a023c8c96d1105e7bbad9bf881d1", size = 13920961 },
    { url = "https://files.pythonhosted.org/packages/57/2d/ef8ca36b173444a47ffc94086f3fb03c0ca2f4465f7db14a8c82d06e3ed7/cx_freeze-8.3.0-cp311-cp311-musllinux_1_2_aarch64.whl", hash = "sha256:497696c4b476bc948e7cb17b28d19712bf3920ad54751f734bb887c54d567c86", size = 14959332 },
    { url = "https://files.pythonhosted.org/packages/bb/a9/96281c51edde509e73fe16cd3cd997cb4982ec907818a4b9a25289838baf/cx_freeze-8.3.0-cp311-cp311-musllinux_1_2_x86_64.whl", hash = "sha256:a3792b7bfced6cf5636ee82918c007da1b3465884b5a26a0044f05f83cd68964", size = 14697811 },
    { url = "https://files.pythonhosted.org/packages/28/a3/d6d7bcec621e133a2d7fd6fbc2581fd6294ffa0b9adf5f9ac2454779d79b/cx_freeze-8.3.0-cp311-cp311-win32.whl", hash = "sha256:f6f9cafef1338b6eb7d377d380e5f5ccadbb1e7112712c861e53db4d68988943", size = 2357100 },
    { url = "https://files.pythonhosted.org/packages/7b/71/6e3f0412887395bf5d8e4ceffbeef8995a3c4b7b207fe40850df63e02dc6/cx_freeze-8.3.0-cp311-cp311-win_amd64.whl", hash = "sha256:6aacb4801bed46700261cb4b75abfa45e95504756e6c5b95545350b3e6c77f39", size = 2361817 },
    { url = "https://files.pythonhosted.org/packages/bd/34/997343c959b0bba8df70e7ac55171f962f4e4e4bf957c82e2470b3125e2c/cx_freeze-8.3.0-cp311-cp311-win_arm64.whl", hash = "sha256:a02c33c1e973d0f3eff83aec30312ee0e211b3990f3f62b27d9ee971a122982c", size = 2349532 },
    { url = "https://files.pythonhosted.org/packages/b1/d6/4c66e670768cdc8219bbd5e3efd96a25506f16e83b599004ffae0828e6b0/cx_freeze-8.3.0-cp312-cp312-macosx_10_13_universal2.whl", hash = "sha256:3d6f158ad36170caad12a4aae5b65ed4fdf8d772c60c2dad8bf9341a1fc8b4c6", size = 21986587 },
    { url = "https://files.pythonhosted.org/packages/de/97/ddd0daa6de5da6d142a77095d66c8466442f0f8721c6eaa52b63bdbbb29a/cx_freeze-8.3.0-cp312-cp312-manylinux_2_17_aarch64.manylinux2014_aarch64.whl", hash = "sha256:4abdba6a199dbd3a2ac661ec25160aceffcb94f3508757dd13639dca1fc82572", size = 14439323 },
    { url = "https://files.pythonhosted.org/packages/b5/0b/b4cf3e7dffd1a4fa6aa80b26af6b21d0b6dafff56495003639eebdc9a9ba/cx_freeze-8.3.0-cp312-cp312-manylinux_2_17_ppc64le.manylinux2014_ppc64le.whl", hash = "sha256:cdd7da34aeb55332d7ed9a5dd75a6a5b8a007a28458d79d0acad2611c5162e55", size = 15943470 },
    { url = "https://files.pythonhosted.org/packages/e8/b5/21dfa6fd4580bed578e22f4be2f42d585d1e064f1b58fc2321477030414e/cx_freeze-8.3.0-cp312-cp312-manylinux_2_17_x86_64.manylinux2014_x86_64.whl", hash = "sha256:95d0460511a295f65f25e537cd1e716013868f5cab944a20fc77f5e9c3425ec6", size = 14576320 },
    { url = "https://files.pythonhosted.org/packages/9b/08/76270e82bff702edd584e252239c1ab92e1807cf5ca2efafd0c69a948775/cx_freeze-8.3.0-cp312-cp312-musllinux_1_2_aarch64.whl", hash = "sha256:c661650119ceb4c2c779134d4a34823b63c8bea5c5686c33a013cd374f3763c3", size = 15600098 },
    { url = "https://files.pythonhosted.org/packages/98/8c/4da11732f32ed51f2b734caa3fe87559734f68f508ce54b56196ae1c4410/cx_freeze-8.3.0-cp312-cp312-musllinux_1_2_x86_64.whl", hash = "sha256:56e52892393562a00792635bb8ab6d5720290b7b86ae21b6eb002a610fac5713", size = 15382203 },
    { url = "https://files.pythonhosted.org/packages/f6/1a/64c825770df0b9cb69e5f15c2647e708bf8e13f55da1011749658bc83c37/cx_freeze-8.3.0-cp312-cp312-win32.whl", hash = "sha256:3bad93b5e44c9faee254b0b27a1698c053b569122e73a32858b8e80e340aa8f2", size = 2336981 },
    { url = "https://files.pythonhosted.org/packages/bf/68/09458532149bcb26bbc078ed232c2f970476d6381045ce76de32ef6014c2/cx_freeze-8.3.0-cp312-cp312-win_amd64.whl", hash = "sha256:82887045c831e5c03f4a33f8baab826b785c6400493a077c482cc45c15fd531c", size = 2341781 },
    { url = "https://files.pythonhosted.org/packages/82/fe/ebe723ade801df8f1030d90b9b676efd43bbf12ca833bb4b82108101ed8e/cx_freeze-8.3.0-cp312-cp312-win_arm64.whl", hash = "sha256:72b9d7e3e98bbc175096b66e67208aea5b2e283f07e3d826c40f89f60a821ae1", size = 2329301 },
    { url = "https://files.pythonhosted.org/packages/f5/ba/a98447964bde34e93774ff500c2efcd0dce150754e835c32bbf11754ee92/cx_freeze-8.3.0-cp313-cp313-macosx_10_13_universal2.whl", hash = "sha256:5ab5f97a3719282b9105b4d5eacd9b669f79d8e0129e20a55137746663d288ad", size = 21407613 },
    { url = "https://files.pythonhosted.org/packages/45/df/ba05eba858fa33bfcdde589d4b22333ff1444f42ff66e88ad98133105126/cx_freeze-8.3.0-cp313-cp313-manylinux_2_17_aarch64.manylinux2014_aarch64.whl", hash = "sha256:a27d8af666b7ef4a8fa612591b5555c57d564f4f17861bdd11e0bd050a33b592", size = 12443001 },
    { url = "https://files.pythonhosted.org/packages/da/da/a97fbb2ee9fb958aca527a9a018a98e8127f0b43c4fb09323d2cdbc4ec94/cx_freeze-8.3.0-cp313-cp313-manylinux_2_17_x86_64.manylinux2014_x86_64.whl", hash = "sha256:35ee2d0de99dea99156507a63722a5eefacbc492d2bf582978a6dbb3fecc972b", size = 12559468 },
    { url = "https://files.pythonhosted.org/packages/36/22/5e1c967e4c8bd129f0fe5d94b0f653bf7709fde251c2dc77f6c5da097163/cx_freeze-8.3.0-cp313-cp313-win32.whl", hash = "sha256:c19b092980e3430a963d328432763742baf852d3ff5fef096b2f32e130cfc0ed", size = 2333521 },
    { url = "https://files.pythonhosted.org/packages/b2/61/18c51dfb8bfcd36619c9314d36168c5254d0ce6d40f70fe1ace55edd1991/cx_freeze-8.3.0-cp313-cp313-win_amd64.whl", hash = "sha256:007fb9507b5265c0922aaea10173651a2138b3d75ee9a67156fea4c9fb2b2582", size = 2337819 },
    { url = "https://files.pythonhosted.org/packages/2d/4b/53a5c7d44e482edadba39f7c62e8cafbc22a699f79230aa7bcb23257c12c/cx_freeze-8.3.0-cp313-cp313-win_arm64.whl", hash = "sha256:bab3634e91c09f235a40b998a9b23327625c9032014c2a9365aa3e8c5f6b5a05", size = 2326957 },
    { url = "https://files.pythonhosted.org/packages/5a/dd/dce38e545203c7ef14bf9c9c2beb1d05093f7b1d7c95ca03ff716c920413/cx_freeze-8.3.0-cp313-cp313t-macosx_10_13_universal2.whl", hash = "sha256:061c81fcff963d0735ff3a85abb9ca9d29d3663ce8eeef6b663bd93ecafb93bb", size = 21209751 },
    { url = "https://files.pythonhosted.org/packages/c8/fc/82153be6a3e7e6ad9d2baa1453f5e6c6e744f711f12284d50daa95c63e30/cx_freeze-8.3.0-cp313-cp313t-manylinux_2_17_aarch64.manylinux2014_aarch64.whl", hash = "sha256:e0db71e7c540b0b95396e4c1c18af2748d96c2c2e44142a0e65bb8925f736cc6", size = 12657585 },
    { url = "https://files.pythonhosted.org/packages/82/a3/9d72b12ab11a89ef84e3c03d5290b3b58dd5c3427e6d6f5597c776e01ab8/cx_freeze-8.3.0-cp313-cp313t-manylinux_2_17_ppc64le.manylinux2014_ppc64le.whl", hash = "sha256:ca2eb036fffd7fc07e793989db4424557d9b00c7b82e33f575dbc40d72f52f7b", size = 13887006 },
    { url = "https://files.pythonhosted.org/packages/10/ab/08a5aa1744a708de8ff4bc9c6edd6addc5effdb6c31a85ff425284e4563f/cx_freeze-8.3.0-cp313-cp313t-manylinux_2_17_x86_64.manylinux2014_x86_64.whl", hash = "sha256:a58582c34ccfc94e9e19acc784511396e95c324bb54c5454b7eafec5a205c677", size = 12738066 },
    { url = "https://files.pythonhosted.org/packages/ef/59/86beaf28c76921f338a2799295ab50766737064920d5182d238eff8578c7/cx_freeze-8.3.0-cp313-cp313t-musllinux_1_2_aarch64.whl", hash = "sha256:c41676ebf3e5ca7dd086dedf3a9d5b5627f3c98ffccf64db0aeebd5102199b05", size = 13642689 },
    { url = "https://files.pythonhosted.org/packages/51/bb/0b6992fb528dca772f83ab5534ce00e43f978d7ac393bab5d3e2553fb7a9/cx_freeze-8.3.0-cp313-cp313t-musllinux_1_2_x86_64.whl", hash = "sha256:ae0cfb83bc82671c4701a36954c5e8c5cf9440777365b78e9ceba51522becd40", size = 13322215 },
    { url = "https://files.pythonhosted.org/packages/41/6d/7bd3ed3648b64dd1a39657fbc3e69bd9e5e8e7a2433c815746dedf1f87d9/cx_freeze-8.3.0-cp39-cp39-macosx_10_9_universal2.whl", hash = "sha256:7530610ee99ca8a164e1397dad274b17ad9157f836bdc9212bc974b690bbec40", size = 18082152 },
    { url = "https://files.pythonhosted.org/packages/86/04/b323e79e7f3a17927b5d5f7ea5c70c16c195b9fea0cbb7d05c7be1ea7060/cx_freeze-8.3.0-cp39-cp39-manylinux_2_17_x86_64.manylinux2014_x86_64.whl", hash = "sha256:6bf412a837044d6d11c3061ddb3ecc964f59ce5f52115717fdcb18841d35030f", size = 13174686 },
    { url = "https://files.pythonhosted.org/packages/a5/3e/18567e605cbe3b455f71b992bdab4b59813f923ac58c6586db4c2f44c4fd/cx_freeze-8.3.0-cp39-cp39-win32.whl", hash = "sha256:923a7422943a30ca5153a24c15a17d8beaa5a67847856f9b992163d1f799a10d", size = 2222643 },
    { url = "https://files.pythonhosted.org/packages/fe/37/cfe68dba9c00e9c96b4d0febb749ee935451734e60cdfc519289e9bb9232/cx_freeze-8.3.0-cp39-cp39-win_amd64.whl", hash = "sha256:88af618ef7fb8a8a7aa7ffa972f49aa0b875d8ae9331ae2c78d231ac1749d458", size = 2227378 },
]

[[package]]
name = "cx-logging"
version = "3.2.1"
source = { registry = "https://pypi.org/simple" }
sdist = { url = "https://files.pythonhosted.org/packages/9d/69/50b0c38e26658072b0221f1ea243c47dd56a9f3f50e5754aa5a39189145c/cx_logging-3.2.1.tar.gz", hash = "sha256:812665ae5012680a6fe47095c3772bce638e47cf05b2c3483db3bdbe6b06da44", size = 26966 }
wheels = [
    { url = "https://files.pythonhosted.org/packages/65/94/1cf7a9265a11d9a272be881d4a16d2ce974558f1a4b5339d0b81e3935039/cx_Logging-3.2.1-cp310-cp310-win32.whl", hash = "sha256:4fb0d7c6dc9a8c403e4c62a3be87301946102d036fbe7bd66c6851225ac05a2e", size = 22792 },
    { url = "https://files.pythonhosted.org/packages/59/df/93bdca669af28c4fe0ada18ef5313dece70b5611ee46d90bd2fd156401e3/cx_Logging-3.2.1-cp310-cp310-win_amd64.whl", hash = "sha256:42f48fae8254b6de27710b6bfd34467fde88072d5961f67e88914d7e2bb6c13e", size = 26748 },
    { url = "https://files.pythonhosted.org/packages/97/5f/0307bd16b05c332611e020d0864c1f7e820a671399a125b08b3762069b3a/cx_Logging-3.2.1-cp311-cp311-win32.whl", hash = "sha256:ef526f0ddeba8611942ee76f2117cebb6319a2413b4077c2c1bf0947a61b9148", size = 22715 },
    { url = "https://files.pythonhosted.org/packages/64/7b/e2208fa901b3375ed0dada2d03fd8ff78399f3e14dd4b6933d896becb2fd/cx_Logging-3.2.1-cp311-cp311-win_amd64.whl", hash = "sha256:4f6366871aa70439c4e3c25c3bb3dd70e8ee98bc190fd30862d7b199948b26f8", size = 26887 },
    { url = "https://files.pythonhosted.org/packages/b1/9b/d8babcfafa7233b862b310a6fe630fc5e6ced02453ca4e60b0c819afbaff/cx_Logging-3.2.1-cp312-cp312-win32.whl", hash = "sha256:3f3de06cf09d5986b39e930c213567c340b3237dfce03d8d3bf6099475eaa02e", size = 22869 },
    { url = "https://files.pythonhosted.org/packages/5c/52/b6bd4f4d51eb4f3523da182cdf5969a560e35f4ef178f34841ba6795addc/cx_Logging-3.2.1-cp312-cp312-win_amd64.whl", hash = "sha256:3452add0544db6ff29116b72a4c48761aaffa9b638728330433853c0c4ad2ea1", size = 26911 },
    { url = "https://files.pythonhosted.org/packages/e1/78/0ce28b89aedf369b02bb5cb763324e799844144386fba75c03128ea9e2ff/cx_Logging-3.2.1-cp313-cp313-win32.whl", hash = "sha256:330a29030bdca8795c99b678b4f6d87a75fb606eed1da206fdd9fa579a33dc21", size = 22874 },
    { url = "https://files.pythonhosted.org/packages/cb/23/dab5f561888951ec02843f087f34a59c791e8ac6423c25a412eb49300633/cx_Logging-3.2.1-cp313-cp313-win_amd64.whl", hash = "sha256:e14748b031522a95aa2db4adfc5f2be5f96f4d0fe687da591114f73a09e66926", size = 26916 },
    { url = "https://files.pythonhosted.org/packages/f6/25/1b2c8983944122cec9484a2d371001e2aa8a34b917aa79b9226bc032e65e/cx_Logging-3.2.1-cp39-cp39-win32.whl", hash = "sha256:8f4d60a1a1508e88f2dab78494a1a8fd417ce335f94c01b0d443560cf8838115", size = 22783 },
    { url = "https://files.pythonhosted.org/packages/f9/15/da26daacf51d9043b8be3dec15c77e65bea1610f665ea514359d41f0a5ee/cx_Logging-3.2.1-cp39-cp39-win_amd64.whl", hash = "sha256:26b707221077119606195fc14a65df2f21bd7bea78b383528ae8df4ea4298246", size = 26762 },
]

[[package]]
name = "dmgbuild"
version = "1.6.5"
source = { registry = "https://pypi.org/simple" }
dependencies = [
    { name = "ds-store", marker = "(platform_machine != 'aarch64' and platform_machine != 'armv7l' and platform_machine != 'i686' and platform_machine != 'ppc64le' and platform_machine != 's390x' and platform_machine != 'x86_64') or sys_platform != 'linux'" },
    { name = "mac-alias", marker = "(platform_machine != 'aarch64' and platform_machine != 'armv7l' and platform_machine != 'i686' and platform_machine != 'ppc64le' and platform_machine != 's390x' and platform_machine != 'x86_64') or sys_platform != 'linux'" },
]
sdist = { url = "https://files.pythonhosted.org/packages/16/93/b9702c68d5dedfd6b91c76268a89091ff681b8e3b9a026e7919b6ab730a4/dmgbuild-1.6.5.tar.gz", hash = "sha256:c5cbeec574bad84a324348aa7c36d4aada04568c99fb104dec18d22ba3259f45", size = 36848 }
wheels = [
    { url = "https://files.pythonhosted.org/packages/48/4a/b16f1081f69592c6dba92baa4d3ca7a5685091a0f840f4b5e01be41aaf84/dmgbuild-1.6.5-py3-none-any.whl", hash = "sha256:e19ab8c5e8238e6455d9ccb9175817be7fd62b9cdd1eef20f63dd88e0ec469ab", size = 34906 },
]

[[package]]
name = "ds-store"
version = "1.3.1"
source = { registry = "https://pypi.org/simple" }
dependencies = [
    { name = "mac-alias", marker = "(platform_machine != 'aarch64' and platform_machine != 'armv7l' and platform_machine != 'i686' and platform_machine != 'ppc64le' and platform_machine != 's390x' and platform_machine != 'x86_64') or sys_platform != 'linux'" },
]
sdist = { url = "https://files.pythonhosted.org/packages/7c/36/902259bf7ddb142dd91cf7a9794aa15e1a8ab985974f90375e5d3463b441/ds_store-1.3.1.tar.gz", hash = "sha256:c27d413caf13c19acb85d75da4752673f1f38267f9eb6ba81b3b5aa99c2d207c", size = 27052 }
wheels = [
    { url = "https://files.pythonhosted.org/packages/47/bf/b1c10362a0d670ee8ae086d92c3ab795fca2a927e4ff25e7cd15224d3863/ds_store-1.3.1-py3-none-any.whl", hash = "sha256:fbacbb0bd5193ab3e66e5a47fff63619f15e374ffbec8ae29744251a6c8f05b5", size = 16268 },
]

[[package]]
name = "filelock"
version = "3.18.0"
source = { registry = "https://pypi.org/simple" }
sdist = { url = "https://files.pythonhosted.org/packages/0a/10/c23352565a6544bdc5353e0b15fc1c563352101f30e24bf500207a54df9a/filelock-3.18.0.tar.gz", hash = "sha256:adbc88eabb99d2fec8c9c1b229b171f18afa655400173ddc653d5d01501fb9f2", size = 18075 }
wheels = [
    { url = "https://files.pythonhosted.org/packages/4d/36/2a115987e2d8c300a974597416d9de88f2444426de9571f4b59b2cca3acc/filelock-3.18.0-py3-none-any.whl", hash = "sha256:c401f4f8377c4464e6db25fff06205fd89bdd83b65eb0488ed1b160f780e21de", size = 16215 },
]

[[package]]
name = "lief"
version = "0.16.5"
source = { registry = "https://pypi.org/simple" }
wheels = [
    { url = "https://files.pythonhosted.org/packages/3e/9f/d396d28ad1d0e32926849e2a4fdf2946f65c3d30059d0248f5c2f85e9720/lief-0.16.5-cp310-cp310-win32.whl", hash = "sha256:28e2f91f0e10658898e1875a446c70563eba18f2f0ebb311e0c65192f59d5e6a", size = 3042782 },
    { url = "https://files.pythonhosted.org/packages/74/47/78731ce36ceeafa69d3a26ccf5d5771cc9929ee666e7b7aab6eaa6852c7b/lief-0.16.5-cp310-cp310-win_amd64.whl", hash = "sha256:8060485581c1cb5dc4a74001be0cbad68c6ec03e2951d1980fe03f93c749ea65", size = 3168233 },
    { url = "https://files.pythonhosted.org/packages/ff/6e/fa423661155afe709f49ae3ccd8b6d55d83a7ac2b9a4a38f69280e9c1f46/lief-0.16.5-cp311-cp311-win32.whl", hash = "sha256:d23d2ca7f6ec1d65a68cd3fcda4e3620b9b72e7afdea535ff28f4d52e0b86173", size = 3043058 },
    { url = "https://files.pythonhosted.org/packages/64/b4/bc6048149c305c38001f2a9891d84d8f84f5c970c7495eabe4459a9a738c/lief-0.16.5-cp311-cp311-win_amd64.whl", hash = "sha256:3325194fa0bc4ca9b643423fd9177e613b461cccedecc194e55686334b1f8de2", size = 3168670 },
    { url = "https://files.pythonhosted.org/packages/17/f8/4cd814800254fc2e4e63c30f46535d8fab0361a9e63e3d73acff835deeba/lief-0.16.5-cp311-cp311-win_arm64.whl", hash = "sha256:8bfab65187693fe44a9438e03a2ba13d7a4c724f22c9b345099cd8abd4c76514", size = 3064539 },
    { url = "https://files.pythonhosted.org/packages/20/68/c7df68afe1c37be667f1adb74544b06316fd1338dd577fd0c1289817d2d1/lief-0.16.5-cp312-cp312-win32.whl", hash = "sha256:768f91db886432c4b257fb88365a2c6842f26190b73964cf9274c276bc17b490", size = 3049882 },
    { url = "https://files.pythonhosted.org/packages/08/8b/0fdc6b420e24df7c8cc02be595c425e821f2d4eb1be98eb16a7cf4e87fd0/lief-0.16.5-cp312-cp312-win_amd64.whl", hash = "sha256:587225fd6e1ec424a1a776928beb67095894254c51148b78903844d62faa1a2d", size = 3178830 },
    { url = "https://files.pythonhosted.org/packages/e5/a6/f751d12b88527b591f26a7c4a2b896806c065d9bdfb49eaabec9e6aead41/lief-0.16.5-cp312-cp312-win_arm64.whl", hash = "sha256:ef043c1796d221f128597dc32819fa6bb31da26d2a9b911a32d4a5cdfb566f85", size = 3066592 },
    { url = "https://files.pythonhosted.org/packages/d8/97/72fe8e8bfbfea9d76350635965f668e855490c6f2779c08bf1b9ab3a505d/lief-0.16.5-cp313-cp313-win32.whl", hash = "sha256:6fc879c1c90bf31f7720ece90bd919cbfeeb3bdbc9327f6a16d4dc1af273aef9", size = 3049849 },
    { url = "https://files.pythonhosted.org/packages/66/fc/6faf93a5b44f9e7df193e9fc95b93a7f34b2155b1b470ef61f2f25704a84/lief-0.16.5-cp313-cp313-win_amd64.whl", hash = "sha256:2f208359d10ade57ace7f7625e2f5e4ca214b4b67f9ade24ca07dafb08e37b0c", size = 3178645 },
    { url = "https://files.pythonhosted.org/packages/6d/47/d0a47b6856d832a2ab0896faa773b4506b41e39131684892017351e8ff28/lief-0.16.5-cp313-cp313-win_arm64.whl", hash = "sha256:afb7d946aa2b62c95831d3be45f2516324418335b077f5337012b779e8dcc97b", size = 3066502 },
    { url = "https://files.pythonhosted.org/packages/15/bc/900a39b872905da35acdf5800d38fe7f09b23c829bc2f9c1adc37803d9f4/lief-0.16.5-cp39-cp39-win32.whl", hash = "sha256:06b02f4ea985f5c1db925fc312695e79455e73b03638311ddeda2038a23c0b9f", size = 3042884 },
    { url = "https://files.pythonhosted.org/packages/6c/78/269f6a002de5443765ebfccc8e030b8e51d8a90ef074a16f930cec761c01/lief-0.16.5-cp39-cp39-win_amd64.whl", hash = "sha256:2fa89b71b480bc1ea115914b3c9377c93c00abf7fd1f41857ea7069267552395", size = 3168424 },
]

[[package]]
name = "mac-alias"
version = "2.2.2"
source = { registry = "https://pypi.org/simple" }
sdist = { url = "https://files.pythonhosted.org/packages/ea/a3/83b50f620d318a98363dc7e701fb94856eaaecc472e23a89ac625697b3ea/mac_alias-2.2.2.tar.gz", hash = "sha256:c99c728eb512e955c11f1a6203a0ffa8883b26549e8afe68804031aa5da856b7", size = 34073 }
wheels = [
    { url = "https://files.pythonhosted.org/packages/39/a1/4136777ed6a56df83e7c748ad28892f0672cbbcdc3b3d15a57df6ba72443/mac_alias-2.2.2-py3-none-any.whl", hash = "sha256:504ab8ac546f35bbd75ad014d6ad977c426660aa721f2cd3acf3dc2f664141bd", size = 21220 },
]

[[package]]
name = "packaging"
version = "25.0"
source = { registry = "https://pypi.org/simple" }
sdist = { url = "https://files.pythonhosted.org/packages/a1/d4/1fc4078c65507b51b96ca8f8c3ba19e6a61c8253c72794544580a7b6c24d/packaging-25.0.tar.gz", hash = "sha256:d443872c98d677bf60f6a1f2f8c1cb748e8fe762d2bf9d3148b5599295b0fc4f", size = 165727 }
wheels = [
    { url = "https://files.pythonhosted.org/packages/20/12/38679034af332785aac8774540895e234f4d07f7545804097de4b666afd8/packaging-25.0-py3-none-any.whl", hash = "sha256:29572ef2b1f17581046b3a2227d5c611fb25ec70ca1ba8554b24b0e69331a484", size = 66469 },
]

[[package]]
name = "patchelf"
version = "0.17.2.2"
source = { registry = "https://pypi.org/simple" }
sdist = { url = "https://files.pythonhosted.org/packages/0d/41/dc3ee5838db2d90be935adb53ae7745135d9c719d070b1989b246f983c7f/patchelf-0.17.2.2.tar.gz", hash = "sha256:080b2ac3074fd4ab257700088e82470425e56609aa0dd07abe548f04b7b3b007", size = 149517 }
wheels = [
    { url = "https://files.pythonhosted.org/packages/8d/15/25b5d10d971f509fe6bc8951b855f0f05be4c24e0dd1616c14a6e1a9116a/patchelf-0.17.2.2-py3-none-manylinux1_i686.manylinux_2_5_i686.musllinux_1_1_i686.whl", hash = "sha256:3b8a4d7cccac04d8231dec321245611bf147b199cbf4da305d1a364ff689fb58", size = 524182 },
    { url = "https://files.pythonhosted.org/packages/f2/f9/e070956e350ccdfdf059251836f757ad91ac0c01b0ba3e033ea7188d8d42/patchelf-0.17.2.2-py3-none-manylinux1_x86_64.manylinux_2_5_x86_64.musllinux_1_1_x86_64.whl", hash = "sha256:e334ebb1c5aa9fc740fd95ebe449271899fe1e45a3eb0941300b304f7e3d1299", size = 466519 },
    { url = "https://files.pythonhosted.org/packages/56/0d/dc3ac6c6e9e9d0d3e40bee1abe95a07034f83627319e60a7dc9abdbfafee/patchelf-0.17.2.2-py3-none-manylinux2014_aarch64.manylinux_2_17_aarch64.musllinux_1_1_aarch64.whl", hash = "sha256:3d32cd69442a229724f7f071b61cef1f87ccd80cf755af0b1ecefd553fa9ae3f", size = 462123 },
    { url = "https://files.pythonhosted.org/packages/1e/f6/b842b19c2b72df1c524ab3793c3ec9cf3926c7c841e0b64b34f95d7fb806/patchelf-0.17.2.2-py3-none-manylinux2014_armv7l.manylinux_2_17_armv7l.musllinux_1_1_armv7l.whl", hash = "sha256:05f6bbdbe484439cb025e20c60abd37e432e6798dfa3f39a072e6b7499072a8c", size = 412347 },
    { url = "https://files.pythonhosted.org/packages/a8/0b/33eb3087703d903dd01cf6b0d64e067bf3718a5e8b1239bc6fc2c4b1fdb2/patchelf-0.17.2.2-py3-none-manylinux2014_ppc64le.manylinux_2_17_ppc64le.musllinux_1_1_ppc64le.whl", hash = "sha256:b54e79ceb444ec6a536a5dc2e8fc9c771ec6a1fa7d5f4dbb3dc0e5b8e5ff82e1", size = 522827 },
    { url = "https://files.pythonhosted.org/packages/4f/25/6379dc26714b5a40f51b3c7927d668b00a51517e857da7f3cb09d1d0bcb6/patchelf-0.17.2.2-py3-none-manylinux2014_s390x.manylinux_2_17_s390x.musllinux_1_1_s390x.whl", hash = "sha256:24374cdbd9a072230339024fb6922577cb3231396640610b069f678bc483f21e", size = 565961 },
]

[[package]]
name = "platformdirs"
version = "3.0.0"
source = { registry = "https://pypi.org/simple" }
sdist = { url = "https://files.pythonhosted.org/packages/11/39/702094fc1434a4408783b071665d9f5d8a1d0ba4dddf9dadf3d50e6eb762/platformdirs-3.0.0.tar.gz", hash = "sha256:8a1228abb1ef82d788f74139988b137e78692984ec7b08eaa6c65f1723af28f9", size = 14462 }
wheels = [
    { url = "https://files.pythonhosted.org/packages/ba/24/a83a900a90105f8ad3f20df5bb5a2cde886df7125c7827e196e4ed4fa8a7/platformdirs-3.0.0-py3-none-any.whl", hash = "sha256:b1d5eb14f221506f50d6604a561f4c5786d9e80355219694a1b244bcd96f4567", size = 14402 },
]

[[package]]
name = "semver"
version = "2.13.0"
source = { registry = "https://pypi.org/simple" }
sdist = { url = "https://files.pythonhosted.org/packages/31/a9/b61190916030ee9af83de342e101f192bbb436c59be20a4cb0cdb7256ece/semver-2.13.0.tar.gz", hash = "sha256:fa0fe2722ee1c3f57eac478820c3a5ae2f624af8264cbdf9000c980ff7f75e3f", size = 45816 }
wheels = [
    { url = "https://files.pythonhosted.org/packages/0b/70/b84f9944a03964a88031ef6ac219b6c91e8ba2f373362329d8770ef36f02/semver-2.13.0-py2.py3-none-any.whl", hash = "sha256:ced8b23dceb22134307c1b8abfa523da14198793d9787ac838e70e29e77458d4", size = 12901 },
]

[[package]]
name = "setuptools"
version = "69.5.1"
source = { registry = "https://pypi.org/simple" }
sdist = { url = "https://files.pythonhosted.org/packages/d6/4f/b10f707e14ef7de524fe1f8988a294fb262a29c9b5b12275c7e188864aed/setuptools-69.5.1.tar.gz", hash = "sha256:6c1fccdac05a97e598fb0ae3bbed5904ccb317337a51139dcd51453611bbb987", size = 2291314 }
wheels = [
    { url = "https://files.pythonhosted.org/packages/f7/29/13965af254e3373bceae8fb9a0e6ea0d0e571171b80d6646932131d6439b/setuptools-69.5.1-py3-none-any.whl", hash = "sha256:c636ac361bc47580504644275c9ad802c50415c7522212252c033bd15f301f32", size = 894566 },
]

[[package]]
name = "striprtf"
version = "0.0.29"
source = { registry = "https://pypi.org/simple" }
sdist = { url = "https://files.pythonhosted.org/packages/f3/86/7154b7c625a3ff704581dab70c05389e1de90233b7a751f79f712c2ca0e9/striprtf-0.0.29.tar.gz", hash = "sha256:5a822d075e17417934ed3add6fc79b5fc8fb544fe4370b2f894cdd28f0ddd78e", size = 7533 }
wheels = [
    { url = "https://files.pythonhosted.org/packages/08/3e/1418afacc4aae04690cff282078f22620c89a99490499878ececc3021654/striprtf-0.0.29-py3-none-any.whl", hash = "sha256:0fc6a41999d015358d19627776b616424dd501ad698105c81d76734d1e14d91b", size = 7879 },
]

[[package]]
name = "tomli"
version = "2.3.0"
source = { registry = "https://pypi.org/simple" }
sdist = { url = "https://files.pythonhosted.org/packages/52/ed/3f73f72945444548f33eba9a87fc7a6e969915e7b1acc8260b30e1f76a2f/tomli-2.3.0.tar.gz", hash = "sha256:64be704a875d2a59753d80ee8a533c3fe183e3f06807ff7dc2232938ccb01549", size = 17392 }
wheels = [
    { url = "https://files.pythonhosted.org/packages/b3/2e/299f62b401438d5fe1624119c723f5d877acc86a4c2492da405626665f12/tomli-2.3.0-cp311-cp311-macosx_10_9_x86_64.whl", hash = "sha256:88bd15eb972f3664f5ed4b57c1634a97153b4bac4479dcb6a495f41921eb7f45", size = 153236 },
    { url = "https://files.pythonhosted.org/packages/86/7f/d8fffe6a7aefdb61bced88fcb5e280cfd71e08939da5894161bd71bea022/tomli-2.3.0-cp311-cp311-macosx_11_0_arm64.whl", hash = "sha256:883b1c0d6398a6a9d29b508c331fa56adbcdff647f6ace4dfca0f50e90dfd0ba", size = 148084 },
    { url = "https://files.pythonhosted.org/packages/47/5c/24935fb6a2ee63e86d80e4d3b58b222dafaf438c416752c8b58537c8b89a/tomli-2.3.0-cp311-cp311-manylinux2014_aarch64.manylinux_2_17_aarch64.manylinux_2_28_aarch64.whl", hash = "sha256:d1381caf13ab9f300e30dd8feadb3de072aeb86f1d34a8569453ff32a7dea4bf", size = 234832 },
    { url = "https://files.pythonhosted.org/packages/89/da/75dfd804fc11e6612846758a23f13271b76d577e299592b4371a4ca4cd09/tomli-2.3.0-cp311-cp311-manylinux2014_x86_64.manylinux_2_17_x86_64.manylinux_2_28_x86_64.whl", hash = "sha256:a0e285d2649b78c0d9027570d4da3425bdb49830a6156121360b3f8511ea3441", size = 242052 },
    { url = "https://files.pythonhosted.org/packages/70/8c/f48ac899f7b3ca7eb13af73bacbc93aec37f9c954df3c08ad96991c8c373/tomli-2.3.0-cp311-cp311-musllinux_1_2_aarch64.whl", hash = "sha256:0a154a9ae14bfcf5d8917a59b51ffd5a3ac1fd149b71b47a3a104ca4edcfa845", size = 239555 },
    { url = "https://files.pythonhosted.org/packages/ba/28/72f8afd73f1d0e7829bfc093f4cb98ce0a40ffc0cc997009ee1ed94ba705/tomli-2.3.0-cp311-cp311-musllinux_1_2_x86_64.whl", hash = "sha256:74bf8464ff93e413514fefd2be591c3b0b23231a77f901db1eb30d6f712fc42c", size = 245128 },
    { url = "https://files.pythonhosted.org/packages/b6/eb/a7679c8ac85208706d27436e8d421dfa39d4c914dcf5fa8083a9305f58d9/tomli-2.3.0-cp311-cp311-win32.whl", hash = "sha256:00b5f5d95bbfc7d12f91ad8c593a1659b6387b43f054104cda404be6bda62456", size = 96445 },
    { url = "https://files.pythonhosted.org/packages/0a/fe/3d3420c4cb1ad9cb462fb52967080575f15898da97e21cb6f1361d505383/tomli-2.3.0-cp311-cp311-win_amd64.whl", hash = "sha256:4dc4ce8483a5d429ab602f111a93a6ab1ed425eae3122032db7e9acf449451be", size = 107165 },
    { url = "https://files.pythonhosted.org/packages/ff/b7/40f36368fcabc518bb11c8f06379a0fd631985046c038aca08c6d6a43c6e/tomli-2.3.0-cp312-cp312-macosx_10_13_x86_64.whl", hash = "sha256:d7d86942e56ded512a594786a5ba0a5e521d02529b3826e7761a05138341a2ac", size = 154891 },
    { url = "https://files.pythonhosted.org/packages/f9/3f/d9dd692199e3b3aab2e4e4dd948abd0f790d9ded8cd10cbaae276a898434/tomli-2.3.0-cp312-cp312-macosx_11_0_arm64.whl", hash = "sha256:73ee0b47d4dad1c5e996e3cd33b8a76a50167ae5f96a2607cbe8cc773506ab22", size = 148796 },
    { url = "https://files.pythonhosted.org/packages/60/83/59bff4996c2cf9f9387a0f5a3394629c7efa5ef16142076a23a90f1955fa/tomli-2.3.0-cp312-cp312-manylinux2014_aarch64.manylinux_2_17_aarch64.manylinux_2_28_aarch64.whl", hash = "sha256:792262b94d5d0a466afb5bc63c7daa9d75520110971ee269152083270998316f", size = 242121 },
    { url = "https://files.pythonhosted.org/packages/45/e5/7c5119ff39de8693d6baab6c0b6dcb556d192c165596e9fc231ea1052041/tomli-2.3.0-cp312-cp312-manylinux2014_x86_64.manylinux_2_17_x86_64.manylinux_2_28_x86_64.whl", hash = "sha256:4f195fe57ecceac95a66a75ac24d9d5fbc98ef0962e09b2eddec5d39375aae52", size = 250070 },
    { url = "https://files.pythonhosted.org/packages/45/12/ad5126d3a278f27e6701abde51d342aa78d06e27ce2bb596a01f7709a5a2/tomli-2.3.0-cp312-cp312-musllinux_1_2_aarch64.whl", hash = "sha256:e31d432427dcbf4d86958c184b9bfd1e96b5b71f8eb17e6d02531f434fd335b8", size = 245859 },
    { url = "https://files.pythonhosted.org/packages/fb/a1/4d6865da6a71c603cfe6ad0e6556c73c76548557a8d658f9e3b142df245f/tomli-2.3.0-cp312-cp312-musllinux_1_2_x86_64.whl", hash = "sha256:7b0882799624980785240ab732537fcfc372601015c00f7fc367c55308c186f6", size = 250296 },
    { url = "https://files.pythonhosted.org/packages/a0/b7/a7a7042715d55c9ba6e8b196d65d2cb662578b4d8cd17d882d45322b0d78/tomli-2.3.0-cp312-cp312-win32.whl", hash = "sha256:ff72b71b5d10d22ecb084d345fc26f42b5143c5533db5e2eaba7d2d335358876", size = 97124 },
    { url = "https://files.pythonhosted.org/packages/06/1e/f22f100db15a68b520664eb3328fb0ae4e90530887928558112c8d1f4515/tomli-2.3.0-cp312-cp312-win_amd64.whl", hash = "sha256:1cb4ed918939151a03f33d4242ccd0aa5f11b3547d0cf30f7c74a408a5b99878", size = 107698 },
    { url = "https://files.pythonhosted.org/packages/89/48/06ee6eabe4fdd9ecd48bf488f4ac783844fd777f547b8d1b61c11939974e/tomli-2.3.0-cp313-cp313-macosx_10_13_x86_64.whl", hash = "sha256:5192f562738228945d7b13d4930baffda67b69425a7f0da96d360b0a3888136b", size = 154819 },
    { url = "https://files.pythonhosted.org/packages/f1/01/88793757d54d8937015c75dcdfb673c65471945f6be98e6a0410fba167ed/tomli-2.3.0-cp313-cp313-macosx_11_0_arm64.whl", hash = "sha256:be71c93a63d738597996be9528f4abe628d1adf5e6eb11607bc8fe1a510b5dae", size = 148766 },
    { url = "https://files.pythonhosted.org/packages/42/17/5e2c956f0144b812e7e107f94f1cc54af734eb17b5191c0bbfb72de5e93e/tomli-2.3.0-cp313-cp313-manylinux2014_aarch64.manylinux_2_17_aarch64.manylinux_2_28_aarch64.whl", hash = "sha256:c4665508bcbac83a31ff8ab08f424b665200c0e1e645d2bd9ab3d3e557b6185b", size = 240771 },
    { url = "https://files.pythonhosted.org/packages/d5/f4/0fbd014909748706c01d16824eadb0307115f9562a15cbb012cd9b3512c5/tomli-2.3.0-cp313-cp313-manylinux2014_x86_64.manylinux_2_17_x86_64.manylinux_2_28_x86_64.whl", hash = "sha256:4021923f97266babc6ccab9f5068642a0095faa0a51a246a6a02fccbb3514eaf", size = 248586 },
    { url = "https://files.pythonhosted.org/packages/30/77/fed85e114bde5e81ecf9bc5da0cc69f2914b38f4708c80ae67d0c10180c5/tomli-2.3.0-cp313-cp313-musllinux_1_2_aarch64.whl", hash = "sha256:a4ea38c40145a357d513bffad0ed869f13c1773716cf71ccaa83b0fa0cc4e42f", size = 244792 },
    { url = "https://files.pythonhosted.org/packages/55/92/afed3d497f7c186dc71e6ee6d4fcb0acfa5f7d0a1a2878f8beae379ae0cc/tomli-2.3.0-cp313-cp313-musllinux_1_2_x86_64.whl", hash = "sha256:ad805ea85eda330dbad64c7ea7a4556259665bdf9d2672f5dccc740eb9d3ca05", size = 248909 },
    { url = "https://files.pythonhosted.org/packages/f8/84/ef50c51b5a9472e7265ce1ffc7f24cd4023d289e109f669bdb1553f6a7c2/tomli-2.3.0-cp313-cp313-win32.whl", hash = "sha256:97d5eec30149fd3294270e889b4234023f2c69747e555a27bd708828353ab606", size = 96946 },
    { url = "https://files.pythonhosted.org/packages/b2/b7/718cd1da0884f281f95ccfa3a6cc572d30053cba64603f79d431d3c9b61b/tomli-2.3.0-cp313-cp313-win_amd64.whl", hash = "sha256:0c95ca56fbe89e065c6ead5b593ee64b84a26fca063b5d71a1122bf26e533999", size = 107705 },
    { url = "https://files.pythonhosted.org/packages/19/94/aeafa14a52e16163008060506fcb6aa1949d13548d13752171a755c65611/tomli-2.3.0-cp314-cp314-macosx_10_13_x86_64.whl", hash = "sha256:cebc6fe843e0733ee827a282aca4999b596241195f43b4cc371d64fc6639da9e", size = 154244 },
    { url = "https://files.pythonhosted.org/packages/db/e4/1e58409aa78eefa47ccd19779fc6f36787edbe7d4cd330eeeedb33a4515b/tomli-2.3.0-cp314-cp314-macosx_11_0_arm64.whl", hash = "sha256:4c2ef0244c75aba9355561272009d934953817c49f47d768070c3c94355c2aa3", size = 148637 },
    { url = "https://files.pythonhosted.org/packages/26/b6/d1eccb62f665e44359226811064596dd6a366ea1f985839c566cd61525ae/tomli-2.3.0-cp314-cp314-manylinux2014_aarch64.manylinux_2_17_aarch64.manylinux_2_28_aarch64.whl", hash = "sha256:c22a8bf253bacc0cf11f35ad9808b6cb75ada2631c2d97c971122583b129afbc", size = 241925 },
    { url = "https://files.pythonhosted.org/packages/70/91/7cdab9a03e6d3d2bb11beae108da5bdc1c34bdeb06e21163482544ddcc90/tomli-2.3.0-cp314-cp314-manylinux2014_x86_64.manylinux_2_17_x86_64.manylinux_2_28_x86_64.whl", hash = "sha256:0eea8cc5c5e9f89c9b90c4896a8deefc74f518db5927d0e0e8d4a80953d774d0", size = 249045 },
    { url = "https://files.pythonhosted.org/packages/15/1b/8c26874ed1f6e4f1fcfeb868db8a794cbe9f227299402db58cfcc858766c/tomli-2.3.0-cp314-cp314-musllinux_1_2_aarch64.whl", hash = "sha256:b74a0e59ec5d15127acdabd75ea17726ac4c5178ae51b85bfe39c4f8a278e879", size = 245835 },
    { url = "https://files.pythonhosted.org/packages/fd/42/8e3c6a9a4b1a1360c1a2a39f0b972cef2cc9ebd56025168c4137192a9321/tomli-2.3.0-cp314-cp314-musllinux_1_2_x86_64.whl", hash = "sha256:b5870b50c9db823c595983571d1296a6ff3e1b88f734a4c8f6fc6188397de005", size = 253109 },
    { url = "https://files.pythonhosted.org/packages/22/0c/b4da635000a71b5f80130937eeac12e686eefb376b8dee113b4a582bba42/tomli-2.3.0-cp314-cp314-win32.whl", hash = "sha256:feb0dacc61170ed7ab602d3d972a58f14ee3ee60494292d384649a3dc38ef463", size = 97930 },
    { url = "https://files.pythonhosted.org/packages/b9/74/cb1abc870a418ae99cd5c9547d6bce30701a954e0e721821df483ef7223c/tomli-2.3.0-cp314-cp314-win_amd64.whl", hash = "sha256:b273fcbd7fc64dc3600c098e39136522650c49bca95df2d11cf3b626422392c8", size = 107964 },
    { url = "https://files.pythonhosted.org/packages/54/78/5c46fff6432a712af9f792944f4fcd7067d8823157949f4e40c56b8b3c83/tomli-2.3.0-cp314-cp314t-macosx_10_13_x86_64.whl", hash = "sha256:940d56ee0410fa17ee1f12b817b37a4d4e4dc4d27340863cc67236c74f582e77", size = 163065 },
    { url = "https://files.pythonhosted.org/packages/39/67/f85d9bd23182f45eca8939cd2bc7050e1f90c41f4a2ecbbd5963a1d1c486/tomli-2.3.0-cp314-cp314t-macosx_11_0_arm64.whl", hash = "sha256:f85209946d1fe94416debbb88d00eb92ce9cd5266775424ff81bc959e001acaf", size = 159088 },
    { url = "https://files.pythonhosted.org/packages/26/5a/4b546a0405b9cc0659b399f12b6adb750757baf04250b148d3c5059fc4eb/tomli-2.3.0-cp314-cp314t-manylinux2014_aarch64.manylinux_2_17_aarch64.manylinux_2_28_aarch64.whl", hash = "sha256:a56212bdcce682e56b0aaf79e869ba5d15a6163f88d5451cbde388d48b13f530", size = 268193 },
    { url = "https://files.pythonhosted.org/packages/42/4f/2c12a72ae22cf7b59a7fe75b3465b7aba40ea9145d026ba41cb382075b0e/tomli-2.3.0-cp314-cp314t-manylinux2014_x86_64.manylinux_2_17_x86_64.manylinux_2_28_x86_64.whl", hash = "sha256:c5f3ffd1e098dfc032d4d3af5c0ac64f6d286d98bc148698356847b80fa4de1b", size = 275488 },
    { url = "https://files.pythonhosted.org/packages/92/04/a038d65dbe160c3aa5a624e93ad98111090f6804027d474ba9c37c8ae186/tomli-2.3.0-cp314-cp314t-musllinux_1_2_aarch64.whl", hash = "sha256:5e01decd096b1530d97d5d85cb4dff4af2d8347bd35686654a004f8dea20fc67", size = 272669 },
    { url = "https://files.pythonhosted.org/packages/be/2f/8b7c60a9d1612a7cbc39ffcca4f21a73bf368a80fc25bccf8253e2563267/tomli-2.3.0-cp314-cp314t-musllinux_1_2_x86_64.whl", hash = "sha256:8a35dd0e643bb2610f156cca8db95d213a90015c11fee76c946aa62b7ae7e02f", size = 279709 },
    { url = "https://files.pythonhosted.org/packages/7e/46/cc36c679f09f27ded940281c38607716c86cf8ba4a518d524e349c8b4874/tomli-2.3.0-cp314-cp314t-win32.whl", hash = "sha256:a1f7f282fe248311650081faafa5f4732bdbfef5d45fe3f2e702fbc6f2d496e0", size = 107563 },
    { url = "https://files.pythonhosted.org/packages/84/ff/426ca8683cf7b753614480484f6437f568fd2fda2edbdf57a2d3d8b27a0b/tomli-2.3.0-cp314-cp314t-win_amd64.whl", hash = "sha256:70a251f8d4ba2d9ac2542eecf008b3c8a9fc5c3f9f02c56a9d7952612be2fdba", size = 119756 },
    { url = "https://files.pythonhosted.org/packages/77/b8/0135fadc89e73be292b473cb820b4f5a08197779206b33191e801feeae40/tomli-2.3.0-py3-none-any.whl", hash = "sha256:e95b1af3c5b07d9e643909b5abbec77cd9f1217e6d0bca72b0234736b9fb1f1b", size = 14408 },
]
