version = 1
revision = 3
requires-python = "==3.9.13"
resolution-markers = [
    "platform_machine == 'x86_64' and sys_platform == 'linux'",
    "platform_machine == 'i686' and sys_platform == 'linux'",
    "platform_machine == 'aarch64' and sys_platform == 'linux'",
    "platform_machine == 'armv7l' and sys_platform == 'linux'",
    "platform_machine == 'ppc64le' and sys_platform == 'linux'",
    "platform_machine == 's390x' and sys_platform == 'linux'",
    "(platform_machine != 'aarch64' and platform_machine != 'armv7l' and platform_machine != 'i686' and platform_machine != 'ppc64le' and platform_machine != 's390x' and platform_machine != 'x86_64') or sys_platform != 'linux'",
]

[[package]]
name = "ayon-shim"
version = "1.0.0"
source = { virtual = "." }
dependencies = [
    { name = "cx-freeze" },
    { name = "platformdirs" },
    { name = "semver" },
]

[package.metadata]
requires-dist = [
    { name = "cx-freeze", specifier = "~=8.4" },
    { name = "platformdirs", specifier = "~=3.0.0" },
    { name = "semver", specifier = "~=2.13.0" },
]

[[package]]
name = "cabarchive"
version = "0.2.4"
source = { registry = "https://pypi.org/simple" }
sdist = { url = "https://files.pythonhosted.org/packages/28/d3/a544aed878edc269ce4427bc937310b73624e1d595de7f4e5bcab413a639/cabarchive-0.2.4.tar.gz", hash = "sha256:04f60089473114cf26eab2b7e1d09611c5bfaf8edd3202dacef66bb5c71e48cf", size = 21064, upload-time = "2022-02-23T09:28:10.911Z" }
wheels = [
    { url = "https://files.pythonhosted.org/packages/0f/fb/713421f46c68f4bf9cd26f05bda0c233446108997b6b4d83d7ef07f20009/cabarchive-0.2.4-py3-none-any.whl", hash = "sha256:4afabd224eb2e40af8e907379fb8eec6b0adfb71c2aef4457ec3a4d77383c059", size = 25729, upload-time = "2022-02-23T09:28:09.571Z" },
]

[[package]]
name = "cx-freeze"
version = "8.4.1"
source = { registry = "https://pypi.org/simple" }
dependencies = [
    { name = "cabarchive", marker = "sys_platform == 'win32'" },
    { name = "cx-logging", marker = "platform_machine != 'ARM64' and sys_platform == 'win32'" },
    { name = "dmgbuild", marker = "sys_platform == 'darwin'" },
    { name = "filelock" },
    { name = "lief", marker = "sys_platform == 'win32'" },
    { name = "packaging" },
    { name = "patchelf", marker = "(platform_machine == 'aarch64' and sys_platform == 'linux') or (platform_machine == 'armv7l' and sys_platform == 'linux') or (platform_machine == 'i686' and sys_platform == 'linux') or (platform_machine == 'ppc64le' and sys_platform == 'linux') or (platform_machine == 's390x' and sys_platform == 'linux') or (platform_machine == 'x86_64' and sys_platform == 'linux')" },
    { name = "setuptools" },
    { name = "striprtf", marker = "sys_platform == 'win32'" },
    { name = "tomli" },
]
sdist = { url = "https://files.pythonhosted.org/packages/a5/db/164245effccdcbd3455056e1b1490dd5dced31fea8ecf12c75da9ad63092/cx_freeze-8.4.1.tar.gz", hash = "sha256:d36e804d393aea1b4ad28cff0d8b8a562cc25ea462f06bcf6b265edbc02eecfb", size = 2997091, upload-time = "2025-09-20T04:04:39.412Z" }
wheels = [
    { url = "https://files.pythonhosted.org/packages/58/8a/4ab2f512fef861d78ed97810388a387a9090284219d50cbc82a773752f35/cx_freeze-8.4.1-cp39-cp39-macosx_10_9_universal2.whl", hash = "sha256:813b0d629b6162b353b7a80024e3a9c4d7f1a3a7aca536e13dc35ff28425fda6", size = 18008155, upload-time = "2025-09-20T04:04:31.196Z" },
    { url = "https://files.pythonhosted.org/packages/85/7a/4245e717305d381d8c8be8626b76c616cab46f157c797c1dacccc0a0b3a9/cx_freeze-8.4.1-cp39-cp39-manylinux2014_x86_64.manylinux_2_17_x86_64.whl", hash = "sha256:2c67e3a930839ae9216477fac48872260b75c93eb7cabfbf46c532f7c9bc7444", size = 13873513, upload-time = "2025-09-20T04:04:34.157Z" },
    { url = "https://files.pythonhosted.org/packages/ea/9c/053565ee19483a66d615cb4b0b7d182a769aeff6fda3bd63c03214439a0f/cx_freeze-8.4.1-cp39-cp39-win32.whl", hash = "sha256:7b58353f908355be67ac2de39f5a3ae01ceeaa884a665984b6e5a5b551624b9e", size = 2151625, upload-time = "2025-09-20T04:04:36.494Z" },
    { url = "https://files.pythonhosted.org/packages/cf/cc/6c4a2067a62410bc6577019aad308c31c6fe4fe21476d775d5f42f9c54d9/cx_freeze-8.4.1-cp39-cp39-win_amd64.whl", hash = "sha256:85045f80ff76a2be6b89b35a7a9f289658494c69220ef284b9cdba243f918224", size = 2156544, upload-time = "2025-09-20T04:04:38.066Z" },
]

[[package]]
name = "cx-logging"
version = "3.2.1"
source = { registry = "https://pypi.org/simple" }
sdist = { url = "https://files.pythonhosted.org/packages/9d/69/50b0c38e26658072b0221f1ea243c47dd56a9f3f50e5754aa5a39189145c/cx_logging-3.2.1.tar.gz", hash = "sha256:812665ae5012680a6fe47095c3772bce638e47cf05b2c3483db3bdbe6b06da44", size = 26966, upload-time = "2024-10-13T03:13:10.561Z" }
wheels = [
    { url = "https://files.pythonhosted.org/packages/f6/25/1b2c8983944122cec9484a2d371001e2aa8a34b917aa79b9226bc032e65e/cx_Logging-3.2.1-cp39-cp39-win32.whl", hash = "sha256:8f4d60a1a1508e88f2dab78494a1a8fd417ce335f94c01b0d443560cf8838115", size = 22783, upload-time = "2024-10-13T03:13:37.594Z" },
    { url = "https://files.pythonhosted.org/packages/f9/15/da26daacf51d9043b8be3dec15c77e65bea1610f665ea514359d41f0a5ee/cx_Logging-3.2.1-cp39-cp39-win_amd64.whl", hash = "sha256:26b707221077119606195fc14a65df2f21bd7bea78b383528ae8df4ea4298246", size = 26762, upload-time = "2024-10-13T03:13:38.695Z" },
]

[[package]]
name = "dmgbuild"
version = "1.6.5"
source = { registry = "https://pypi.org/simple" }
dependencies = [
    { name = "ds-store", marker = "(platform_machine != 'aarch64' and platform_machine != 'armv7l' and platform_machine != 'i686' and platform_machine != 'ppc64le' and platform_machine != 's390x' and platform_machine != 'x86_64') or sys_platform != 'linux'" },
    { name = "mac-alias", marker = "(platform_machine != 'aarch64' and platform_machine != 'armv7l' and platform_machine != 'i686' and platform_machine != 'ppc64le' and platform_machine != 's390x' and platform_machine != 'x86_64') or sys_platform != 'linux'" },
]
sdist = { url = "https://files.pythonhosted.org/packages/16/93/b9702c68d5dedfd6b91c76268a89091ff681b8e3b9a026e7919b6ab730a4/dmgbuild-1.6.5.tar.gz", hash = "sha256:c5cbeec574bad84a324348aa7c36d4aada04568c99fb104dec18d22ba3259f45", size = 36848, upload-time = "2025-03-21T01:04:10.093Z" }
wheels = [
    { url = "https://files.pythonhosted.org/packages/48/4a/b16f1081f69592c6dba92baa4d3ca7a5685091a0f840f4b5e01be41aaf84/dmgbuild-1.6.5-py3-none-any.whl", hash = "sha256:e19ab8c5e8238e6455d9ccb9175817be7fd62b9cdd1eef20f63dd88e0ec469ab", size = 34906, upload-time = "2025-03-21T01:04:08.044Z" },
]

[[package]]
name = "ds-store"
version = "1.3.1"
source = { registry = "https://pypi.org/simple" }
dependencies = [
    { name = "mac-alias", marker = "(platform_machine != 'aarch64' and platform_machine != 'armv7l' and platform_machine != 'i686' and platform_machine != 'ppc64le' and platform_machine != 's390x' and platform_machine != 'x86_64') or sys_platform != 'linux'" },
]
sdist = { url = "https://files.pythonhosted.org/packages/7c/36/902259bf7ddb142dd91cf7a9794aa15e1a8ab985974f90375e5d3463b441/ds_store-1.3.1.tar.gz", hash = "sha256:c27d413caf13c19acb85d75da4752673f1f38267f9eb6ba81b3b5aa99c2d207c", size = 27052, upload-time = "2022-11-24T06:13:34.376Z" }
wheels = [
    { url = "https://files.pythonhosted.org/packages/47/bf/b1c10362a0d670ee8ae086d92c3ab795fca2a927e4ff25e7cd15224d3863/ds_store-1.3.1-py3-none-any.whl", hash = "sha256:fbacbb0bd5193ab3e66e5a47fff63619f15e374ffbec8ae29744251a6c8f05b5", size = 16268, upload-time = "2022-11-24T06:13:30.797Z" },
]

[[package]]
name = "filelock"
version = "3.18.0"
source = { registry = "https://pypi.org/simple" }
sdist = { url = "https://files.pythonhosted.org/packages/0a/10/c23352565a6544bdc5353e0b15fc1c563352101f30e24bf500207a54df9a/filelock-3.18.0.tar.gz", hash = "sha256:adbc88eabb99d2fec8c9c1b229b171f18afa655400173ddc653d5d01501fb9f2", size = 18075, upload-time = "2025-03-14T07:11:40.47Z" }
wheels = [
    { url = "https://files.pythonhosted.org/packages/4d/36/2a115987e2d8c300a974597416d9de88f2444426de9571f4b59b2cca3acc/filelock-3.18.0-py3-none-any.whl", hash = "sha256:c401f4f8377c4464e6db25fff06205fd89bdd83b65eb0488ed1b160f780e21de", size = 16215, upload-time = "2025-03-14T07:11:39.145Z" },
]

[[package]]
name = "lief"
version = "0.16.5"
source = { registry = "https://pypi.org/simple" }
wheels = [
    { url = "https://files.pythonhosted.org/packages/15/bc/900a39b872905da35acdf5800d38fe7f09b23c829bc2f9c1adc37803d9f4/lief-0.16.5-cp39-cp39-win32.whl", hash = "sha256:06b02f4ea985f5c1db925fc312695e79455e73b03638311ddeda2038a23c0b9f", size = 3042884, upload-time = "2025-04-19T16:52:46.014Z" },
    { url = "https://files.pythonhosted.org/packages/6c/78/269f6a002de5443765ebfccc8e030b8e51d8a90ef074a16f930cec761c01/lief-0.16.5-cp39-cp39-win_amd64.whl", hash = "sha256:2fa89b71b480bc1ea115914b3c9377c93c00abf7fd1f41857ea7069267552395", size = 3168424, upload-time = "2025-04-19T16:52:48.261Z" },
]

[[package]]
name = "mac-alias"
version = "2.2.2"
source = { registry = "https://pypi.org/simple" }
sdist = { url = "https://files.pythonhosted.org/packages/ea/a3/83b50f620d318a98363dc7e701fb94856eaaecc472e23a89ac625697b3ea/mac_alias-2.2.2.tar.gz", hash = "sha256:c99c728eb512e955c11f1a6203a0ffa8883b26549e8afe68804031aa5da856b7", size = 34073, upload-time = "2022-12-06T00:37:47.779Z" }
wheels = [
    { url = "https://files.pythonhosted.org/packages/39/a1/4136777ed6a56df83e7c748ad28892f0672cbbcdc3b3d15a57df6ba72443/mac_alias-2.2.2-py3-none-any.whl", hash = "sha256:504ab8ac546f35bbd75ad014d6ad977c426660aa721f2cd3acf3dc2f664141bd", size = 21220, upload-time = "2022-12-06T00:37:46.025Z" },
]

[[package]]
name = "packaging"
version = "25.0"
source = { registry = "https://pypi.org/simple" }
sdist = { url = "https://files.pythonhosted.org/packages/a1/d4/1fc4078c65507b51b96ca8f8c3ba19e6a61c8253c72794544580a7b6c24d/packaging-25.0.tar.gz", hash = "sha256:d443872c98d677bf60f6a1f2f8c1cb748e8fe762d2bf9d3148b5599295b0fc4f", size = 165727, upload-time = "2025-04-19T11:48:59.673Z" }
wheels = [
    { url = "https://files.pythonhosted.org/packages/20/12/38679034af332785aac8774540895e234f4d07f7545804097de4b666afd8/packaging-25.0-py3-none-any.whl", hash = "sha256:29572ef2b1f17581046b3a2227d5c611fb25ec70ca1ba8554b24b0e69331a484", size = 66469, upload-time = "2025-04-19T11:48:57.875Z" },
]

[[package]]
name = "patchelf"
version = "0.17.2.2"
source = { registry = "https://pypi.org/simple" }
sdist = { url = "https://files.pythonhosted.org/packages/0d/41/dc3ee5838db2d90be935adb53ae7745135d9c719d070b1989b246f983c7f/patchelf-0.17.2.2.tar.gz", hash = "sha256:080b2ac3074fd4ab257700088e82470425e56609aa0dd07abe548f04b7b3b007", size = 149517, upload-time = "2025-03-16T08:30:21.909Z" }
wheels = [
    { url = "https://files.pythonhosted.org/packages/8d/15/25b5d10d971f509fe6bc8951b855f0f05be4c24e0dd1616c14a6e1a9116a/patchelf-0.17.2.2-py3-none-manylinux1_i686.manylinux_2_5_i686.musllinux_1_1_i686.whl", hash = "sha256:3b8a4d7cccac04d8231dec321245611bf147b199cbf4da305d1a364ff689fb58", size = 524182, upload-time = "2025-03-16T08:30:11.93Z" },
    { url = "https://files.pythonhosted.org/packages/f2/f9/e070956e350ccdfdf059251836f757ad91ac0c01b0ba3e033ea7188d8d42/patchelf-0.17.2.2-py3-none-manylinux1_x86_64.manylinux_2_5_x86_64.musllinux_1_1_x86_64.whl", hash = "sha256:e334ebb1c5aa9fc740fd95ebe449271899fe1e45a3eb0941300b304f7e3d1299", size = 466519, upload-time = "2025-03-16T08:30:13.383Z" },
    { url = "https://files.pythonhosted.org/packages/56/0d/dc3ac6c6e9e9d0d3e40bee1abe95a07034f83627319e60a7dc9abdbfafee/patchelf-0.17.2.2-py3-none-manylinux2014_aarch64.manylinux_2_17_aarch64.musllinux_1_1_aarch64.whl", hash = "sha256:3d32cd69442a229724f7f071b61cef1f87ccd80cf755af0b1ecefd553fa9ae3f", size = 462123, upload-time = "2025-03-16T08:30:15.57Z" },
    { url = "https://files.pythonhosted.org/packages/1e/f6/b842b19c2b72df1c524ab3793c3ec9cf3926c7c841e0b64b34f95d7fb806/patchelf-0.17.2.2-py3-none-manylinux2014_armv7l.manylinux_2_17_armv7l.musllinux_1_1_armv7l.whl", hash = "sha256:05f6bbdbe484439cb025e20c60abd37e432e6798dfa3f39a072e6b7499072a8c", size = 412347, upload-time = "2025-03-16T08:30:17.332Z" },
    { url = "https://files.pythonhosted.org/packages/a8/0b/33eb3087703d903dd01cf6b0d64e067bf3718a5e8b1239bc6fc2c4b1fdb2/patchelf-0.17.2.2-py3-none-manylinux2014_ppc64le.manylinux_2_17_ppc64le.musllinux_1_1_ppc64le.whl", hash = "sha256:b54e79ceb444ec6a536a5dc2e8fc9c771ec6a1fa7d5f4dbb3dc0e5b8e5ff82e1", size = 522827, upload-time = "2025-03-16T08:30:18.774Z" },
    { url = "https://files.pythonhosted.org/packages/4f/25/6379dc26714b5a40f51b3c7927d668b00a51517e857da7f3cb09d1d0bcb6/patchelf-0.17.2.2-py3-none-manylinux2014_s390x.manylinux_2_17_s390x.musllinux_1_1_s390x.whl", hash = "sha256:24374cdbd9a072230339024fb6922577cb3231396640610b069f678bc483f21e", size = 565961, upload-time = "2025-03-16T08:30:20.524Z" },
]

[[package]]
name = "platformdirs"
version = "3.0.0"
source = { registry = "https://pypi.org/simple" }
sdist = { url = "https://files.pythonhosted.org/packages/11/39/702094fc1434a4408783b071665d9f5d8a1d0ba4dddf9dadf3d50e6eb762/platformdirs-3.0.0.tar.gz", hash = "sha256:8a1228abb1ef82d788f74139988b137e78692984ec7b08eaa6c65f1723af28f9", size = 14462, upload-time = "2023-02-06T21:32:30.098Z" }
wheels = [
    { url = "https://files.pythonhosted.org/packages/ba/24/a83a900a90105f8ad3f20df5bb5a2cde886df7125c7827e196e4ed4fa8a7/platformdirs-3.0.0-py3-none-any.whl", hash = "sha256:b1d5eb14f221506f50d6604a561f4c5786d9e80355219694a1b244bcd96f4567", size = 14402, upload-time = "2023-02-06T21:32:28.228Z" },
]

[[package]]
name = "semver"
version = "2.13.0"
source = { registry = "https://pypi.org/simple" }
sdist = { url = "https://files.pythonhosted.org/packages/31/a9/b61190916030ee9af83de342e101f192bbb436c59be20a4cb0cdb7256ece/semver-2.13.0.tar.gz", hash = "sha256:fa0fe2722ee1c3f57eac478820c3a5ae2f624af8264cbdf9000c980ff7f75e3f", size = 45816, upload-time = "2020-10-20T20:16:54.454Z" }
wheels = [
    { url = "https://files.pythonhosted.org/packages/0b/70/b84f9944a03964a88031ef6ac219b6c91e8ba2f373362329d8770ef36f02/semver-2.13.0-py2.py3-none-any.whl", hash = "sha256:ced8b23dceb22134307c1b8abfa523da14198793d9787ac838e70e29e77458d4", size = 12901, upload-time = "2020-10-20T20:16:52.583Z" },
]

[[package]]
name = "setuptools"
version = "69.5.1"
source = { registry = "https://pypi.org/simple" }
sdist = { url = "https://files.pythonhosted.org/packages/d6/4f/b10f707e14ef7de524fe1f8988a294fb262a29c9b5b12275c7e188864aed/setuptools-69.5.1.tar.gz", hash = "sha256:6c1fccdac05a97e598fb0ae3bbed5904ccb317337a51139dcd51453611bbb987", size = 2291314, upload-time = "2024-04-13T21:06:28.589Z" }
wheels = [
    { url = "https://files.pythonhosted.org/packages/f7/29/13965af254e3373bceae8fb9a0e6ea0d0e571171b80d6646932131d6439b/setuptools-69.5.1-py3-none-any.whl", hash = "sha256:c636ac361bc47580504644275c9ad802c50415c7522212252c033bd15f301f32", size = 894566, upload-time = "2024-04-13T21:06:23.256Z" },
]

[[package]]
name = "striprtf"
version = "0.0.29"
source = { registry = "https://pypi.org/simple" }
sdist = { url = "https://files.pythonhosted.org/packages/f3/86/7154b7c625a3ff704581dab70c05389e1de90233b7a751f79f712c2ca0e9/striprtf-0.0.29.tar.gz", hash = "sha256:5a822d075e17417934ed3add6fc79b5fc8fb544fe4370b2f894cdd28f0ddd78e", size = 7533, upload-time = "2025-03-27T22:55:56.874Z" }
wheels = [
    { url = "https://files.pythonhosted.org/packages/08/3e/1418afacc4aae04690cff282078f22620c89a99490499878ececc3021654/striprtf-0.0.29-py3-none-any.whl", hash = "sha256:0fc6a41999d015358d19627776b616424dd501ad698105c81d76734d1e14d91b", size = 7879, upload-time = "2025-03-27T22:55:55.977Z" },
]

[[package]]
name = "tomli"
version = "2.3.0"
source = { registry = "https://pypi.org/simple" }
sdist = { url = "https://files.pythonhosted.org/packages/52/ed/3f73f72945444548f33eba9a87fc7a6e969915e7b1acc8260b30e1f76a2f/tomli-2.3.0.tar.gz", hash = "sha256:64be704a875d2a59753d80ee8a533c3fe183e3f06807ff7dc2232938ccb01549", size = 17392, upload-time = "2025-10-08T22:01:47.119Z" }
wheels = [
    { url = "https://files.pythonhosted.org/packages/77/b8/0135fadc89e73be292b473cb820b4f5a08197779206b33191e801feeae40/tomli-2.3.0-py3-none-any.whl", hash = "sha256:e95b1af3c5b07d9e643909b5abbec77cd9f1217e6d0bca72b0234736b9fb1f1b", size = 14408, upload-time = "2025-10-08T22:01:46.04Z" },
]
