version = 1
revision = 3
requires-python = "==3.11.9"
resolution-markers = [
    "platform_machine != 'ARM64' and sys_platform == 'win32'",
    "platform_machine == 'ARM64' and sys_platform == 'win32'",
    "platform_machine == 'x86_64' and sys_platform == 'linux'",
    "platform_machine == 'i686' and sys_platform == 'linux'",
    "platform_machine == 'aarch64' and sys_platform == 'linux'",
    "platform_machine == 'armv7l' and sys_platform == 'linux'",
    "platform_machine == 'ppc64le' and sys_platform == 'linux'",
    "platform_machine == 's390x' and sys_platform == 'linux'",
    "(platform_machine != 'aarch64' and platform_machine != 'armv7l' and platform_machine != 'i686' and platform_machine != 'ppc64le' and platform_machine != 's390x' and platform_machine != 'x86_64' and sys_platform == 'linux') or (sys_platform != 'linux' and sys_platform != 'win32')",
]

[[package]]
name = "ayon-shim"
version = "1.0.0"
source = { virtual = "." }
dependencies = [
    { name = "cx-freeze" },
    { name = "platformdirs" },
    { name = "semver" },
]

[package.metadata]
requires-dist = [
    { name = "cx-freeze", specifier = "~=8.6" },
    { name = "platformdirs", specifier = "~=4.9.4" },
    { name = "semver", specifier = "~=3.0.4" },
]

[[package]]
name = "cabarchive"
version = "0.2.4"
source = { registry = "https://pypi.org/simple" }
sdist = { url = "https://files.pythonhosted.org/packages/28/d3/a544aed878edc269ce4427bc937310b73624e1d595de7f4e5bcab413a639/cabarchive-0.2.4.tar.gz", hash = "sha256:04f60089473114cf26eab2b7e1d09611c5bfaf8edd3202dacef66bb5c71e48cf", size = 21064, upload-time = "2022-02-23T09:28:10.911Z" }
wheels = [
    { url = "https://files.pythonhosted.org/packages/0f/fb/713421f46c68f4bf9cd26f05bda0c233446108997b6b4d83d7ef07f20009/cabarchive-0.2.4-py3-none-any.whl", hash = "sha256:4afabd224eb2e40af8e907379fb8eec6b0adfb71c2aef4457ec3a4d77383c059", size = 25729, upload-time = "2022-02-23T09:28:09.571Z" },
]

[[package]]
name = "cx-freeze"
version = "8.6.0"
source = { registry = "https://pypi.org/simple" }
dependencies = [
    { name = "dmgbuild", marker = "sys_platform == 'darwin'" },
    { name = "filelock", marker = "sys_platform == 'linux'" },
    { name = "freeze-core" },
    { name = "lief", marker = "sys_platform == 'win32'" },
    { name = "packaging" },
    { name = "patchelf", marker = "(platform_machine == 'aarch64' and sys_platform == 'linux') or (platform_machine == 'armv7l' and sys_platform == 'linux') or (platform_machine == 'i686' and sys_platform == 'linux') or (platform_machine == 'ppc64le' and sys_platform == 'linux') or (platform_machine == 's390x' and sys_platform == 'linux') or (platform_machine == 'x86_64' and sys_platform == 'linux')" },
    { name = "setuptools" },
]
sdist = { url = "https://files.pythonhosted.org/packages/1b/a7/3ce0b7071669cc61579eceaedf132cad0d3003d0c7a041560d7e87184a7a/cx_freeze-8.6.0.tar.gz", hash = "sha256:04de4e97a0fbebf5c67aec74ecd62c206f282163a111cda4343367d653b2c46d", size = 1376331, upload-time = "2026-02-20T06:04:31.699Z" }
wheels = [
    { url = "https://files.pythonhosted.org/packages/c4/59/da620e03f85c19dc354fc0c81efddd36794e2c6ad174384e08c473a735b3/cx_freeze-8.6.0-py3-none-any.whl", hash = "sha256:2b1a291b295ab51b77cd825ce134f442aa377587943ce57665363fc02b66f2e6", size = 249824, upload-time = "2026-02-20T06:04:29.767Z" },
]

[[package]]
name = "dmgbuild"
version = "1.6.5"
source = { registry = "https://pypi.org/simple" }
dependencies = [
    { name = "ds-store", marker = "(platform_machine != 'aarch64' and platform_machine != 'armv7l' and platform_machine != 'i686' and platform_machine != 'ppc64le' and platform_machine != 's390x' and platform_machine != 'x86_64' and sys_platform == 'linux') or (sys_platform != 'linux' and sys_platform != 'win32')" },
    { name = "mac-alias", marker = "(platform_machine != 'aarch64' and platform_machine != 'armv7l' and platform_machine != 'i686' and platform_machine != 'ppc64le' and platform_machine != 's390x' and platform_machine != 'x86_64' and sys_platform == 'linux') or (sys_platform != 'linux' and sys_platform != 'win32')" },
]
sdist = { url = "https://files.pythonhosted.org/packages/16/93/b9702c68d5dedfd6b91c76268a89091ff681b8e3b9a026e7919b6ab730a4/dmgbuild-1.6.5.tar.gz", hash = "sha256:c5cbeec574bad84a324348aa7c36d4aada04568c99fb104dec18d22ba3259f45", size = 36848, upload-time = "2025-03-21T01:04:10.093Z" }
wheels = [
    { url = "https://files.pythonhosted.org/packages/48/4a/b16f1081f69592c6dba92baa4d3ca7a5685091a0f840f4b5e01be41aaf84/dmgbuild-1.6.5-py3-none-any.whl", hash = "sha256:e19ab8c5e8238e6455d9ccb9175817be7fd62b9cdd1eef20f63dd88e0ec469ab", size = 34906, upload-time = "2025-03-21T01:04:08.044Z" },
]

[[package]]
name = "ds-store"
version = "1.3.1"
source = { registry = "https://pypi.org/simple" }
dependencies = [
    { name = "mac-alias", marker = "(platform_machine != 'aarch64' and platform_machine != 'armv7l' and platform_machine != 'i686' and platform_machine != 'ppc64le' and platform_machine != 's390x' and platform_machine != 'x86_64' and sys_platform == 'linux') or (sys_platform != 'linux' and sys_platform != 'win32')" },
]
sdist = { url = "https://files.pythonhosted.org/packages/7c/36/902259bf7ddb142dd91cf7a9794aa15e1a8ab985974f90375e5d3463b441/ds_store-1.3.1.tar.gz", hash = "sha256:c27d413caf13c19acb85d75da4752673f1f38267f9eb6ba81b3b5aa99c2d207c", size = 27052, upload-time = "2022-11-24T06:13:34.376Z" }
wheels = [
    { url = "https://files.pythonhosted.org/packages/47/bf/b1c10362a0d670ee8ae086d92c3ab795fca2a927e4ff25e7cd15224d3863/ds_store-1.3.1-py3-none-any.whl", hash = "sha256:fbacbb0bd5193ab3e66e5a47fff63619f15e374ffbec8ae29744251a6c8f05b5", size = 16268, upload-time = "2022-11-24T06:13:30.797Z" },
]

[[package]]
name = "filelock"
version = "3.25.2"
source = { registry = "https://pypi.org/simple" }
sdist = { url = "https://files.pythonhosted.org/packages/94/b8/00651a0f559862f3bb7d6f7477b192afe3f583cc5e26403b44e59a55ab34/filelock-3.25.2.tar.gz", hash = "sha256:b64ece2b38f4ca29dd3e810287aa8c48182bbecd1ae6e9ae126c9b35f1382694", size = 40480, upload-time = "2026-03-11T20:45:38.487Z" }
wheels = [
    { url = "https://files.pythonhosted.org/packages/a4/a5/842ae8f0c08b61d6484b52f99a03510a3a72d23141942d216ebe81fefbce/filelock-3.25.2-py3-none-any.whl", hash = "sha256:ca8afb0da15f229774c9ad1b455ed96e85a81373065fb10446672f64444ddf70", size = 26759, upload-time = "2026-03-11T20:45:37.437Z" },
]

[[package]]
name = "freeze-core"
version = "0.6.1"
source = { registry = "https://pypi.org/simple" }
dependencies = [
    { name = "cabarchive", marker = "sys_platform == 'win32'" },
    { name = "filelock" },
    { name = "striprtf", marker = "sys_platform == 'win32'" },
]
sdist = { url = "https://files.pythonhosted.org/packages/15/0d/1415721fce1b24d88c1460f67059678d7e5a5975baccf5dde790f2158bf7/freeze_core-0.6.1.tar.gz", hash = "sha256:819642aa58b4e2c19e1ade025d9563e437c07c90fe6ac5c891e8ecee2044a2ef", size = 1636378, upload-time = "2026-03-10T13:24:03.726Z" }
wheels = [
    { url = "https://files.pythonhosted.org/packages/94/fc/def98ebab5c7cdc685328da2e5e4b18905d552c3d9a307bc9530fe0b4e4f/freeze_core-0.6.1-cp311-cp311-macosx_10_9_universal2.whl", hash = "sha256:5512d1430e445d5511900c07cca35d2ccb1ab109b9a0e7117a163cc5d10bc8fb", size = 21147321, upload-time = "2026-03-10T13:21:49.572Z" },
    { url = "https://files.pythonhosted.org/packages/3d/c9/1d684c1b4f43668685091cd6955a2bb3bbd41c29dedb4cfd1cbc0d867baa/freeze_core-0.6.1-cp311-cp311-manylinux2014_aarch64.manylinux_2_17_aarch64.whl", hash = "sha256:38a125a88437585c2c119beb9f4dacb2f4d43bcd636dc126bf198a1a5271224d", size = 14345159, upload-time = "2026-03-10T13:21:52.314Z" },
    { url = "https://files.pythonhosted.org/packages/6b/9d/77df6e46d5e1edaac516e93e76afde7bc2cfb5a574e5bcce0e185ece63e6/freeze_core-0.6.1-cp311-cp311-manylinux2014_ppc64le.manylinux_2_17_ppc64le.whl", hash = "sha256:75ae95e29440970115c6467fddd56ff0349ef7c0d633c22118c14fc6a7a09824", size = 14661935, upload-time = "2026-03-10T13:21:54.707Z" },
    { url = "https://files.pythonhosted.org/packages/5c/58/850fde95631a7eae5760e479a7b71f15075a61571fd9b43bbaacf61d6f82/freeze_core-0.6.1-cp311-cp311-manylinux2014_x86_64.manylinux_2_17_x86_64.whl", hash = "sha256:6c699bd210e438d176793d78a13f8eebceb7a5c046cf319ec67d37f3ade8ee19", size = 14199007, upload-time = "2026-03-10T13:21:57.3Z" },
    { url = "https://files.pythonhosted.org/packages/3f/0c/8714789acfb25b17ab07702d59e8e51bdf976115375e4a5d2e80ab57da8d/freeze_core-0.6.1-cp311-cp311-musllinux_1_2_aarch64.whl", hash = "sha256:1e5a83273ea3f1ba5675bbc90e8ef6fb9c84b4c704ecb99fc00aa72ac609051f", size = 14616428, upload-time = "2026-03-10T13:22:01.281Z" },
    { url = "https://files.pythonhosted.org/packages/4a/ae/1404152c30cdfb875f22aac79520cfca6b24a9c82b3fa33a7421b68bc613/freeze_core-0.6.1-cp311-cp311-musllinux_1_2_x86_64.whl", hash = "sha256:cd74353a0c1cdcf3497072b3f06884ac9c9a3966f20f43a3be665e53c5abdbe1", size = 14509767, upload-time = "2026-03-10T13:22:04.066Z" },
    { url = "https://files.pythonhosted.org/packages/0e/a2/9fd11acd2fa4165e8fae28127bb151f6ed2eabb77f71ea7eb23d3682cd1d/freeze_core-0.6.1-cp311-cp311-win32.whl", hash = "sha256:ffdbff036c06612e7bcc47d9f83d34717099611986e07637c39f01ab1c28ca18", size = 1728157, upload-time = "2026-03-10T13:22:06.568Z" },
    { url = "https://files.pythonhosted.org/packages/e7/8a/2bb2a270c002ef6d8664ec4c86b93edac2090d76d29024281a0bd0eb808e/freeze_core-0.6.1-cp311-cp311-win_amd64.whl", hash = "sha256:3848872c2113ed2c636dfd0da2c917d58d150dfc44d56d43ec3f10b8f9da2fb9", size = 1733534, upload-time = "2026-03-10T13:22:08.545Z" },
    { url = "https://files.pythonhosted.org/packages/d1/b1/3edfc6a041f00b1196f82d2e448b4a5d9812200735ee45b22eee6992f92e/freeze_core-0.6.1-cp311-cp311-win_arm64.whl", hash = "sha256:0c683acd149c9f22d0574880f64b225e07b430612fd98dbad7e1d3f2261ab30d", size = 1721552, upload-time = "2026-03-10T13:22:10.668Z" },
]

[[package]]
name = "lief"
version = "0.16.5"
source = { registry = "https://pypi.org/simple" }
wheels = [
    { url = "https://files.pythonhosted.org/packages/ff/6e/fa423661155afe709f49ae3ccd8b6d55d83a7ac2b9a4a38f69280e9c1f46/lief-0.16.5-cp311-cp311-win32.whl", hash = "sha256:d23d2ca7f6ec1d65a68cd3fcda4e3620b9b72e7afdea535ff28f4d52e0b86173", size = 3043058, upload-time = "2025-04-19T16:51:30.285Z" },
    { url = "https://files.pythonhosted.org/packages/64/b4/bc6048149c305c38001f2a9891d84d8f84f5c970c7495eabe4459a9a738c/lief-0.16.5-cp311-cp311-win_amd64.whl", hash = "sha256:3325194fa0bc4ca9b643423fd9177e613b461cccedecc194e55686334b1f8de2", size = 3168670, upload-time = "2025-04-19T16:51:32.886Z" },
    { url = "https://files.pythonhosted.org/packages/17/f8/4cd814800254fc2e4e63c30f46535d8fab0361a9e63e3d73acff835deeba/lief-0.16.5-cp311-cp311-win_arm64.whl", hash = "sha256:8bfab65187693fe44a9438e03a2ba13d7a4c724f22c9b345099cd8abd4c76514", size = 3064539, upload-time = "2025-04-19T16:51:35.46Z" },
]

[[package]]
name = "mac-alias"
version = "2.2.2"
source = { registry = "https://pypi.org/simple" }
sdist = { url = "https://files.pythonhosted.org/packages/ea/a3/83b50f620d318a98363dc7e701fb94856eaaecc472e23a89ac625697b3ea/mac_alias-2.2.2.tar.gz", hash = "sha256:c99c728eb512e955c11f1a6203a0ffa8883b26549e8afe68804031aa5da856b7", size = 34073, upload-time = "2022-12-06T00:37:47.779Z" }
wheels = [
    { url = "https://files.pythonhosted.org/packages/39/a1/4136777ed6a56df83e7c748ad28892f0672cbbcdc3b3d15a57df6ba72443/mac_alias-2.2.2-py3-none-any.whl", hash = "sha256:504ab8ac546f35bbd75ad014d6ad977c426660aa721f2cd3acf3dc2f664141bd", size = 21220, upload-time = "2022-12-06T00:37:46.025Z" },
]

[[package]]
name = "packaging"
version = "25.0"
source = { registry = "https://pypi.org/simple" }
sdist = { url = "https://files.pythonhosted.org/packages/a1/d4/1fc4078c65507b51b96ca8f8c3ba19e6a61c8253c72794544580a7b6c24d/packaging-25.0.tar.gz", hash = "sha256:d443872c98d677bf60f6a1f2f8c1cb748e8fe762d2bf9d3148b5599295b0fc4f", size = 165727, upload-time = "2025-04-19T11:48:59.673Z" }
wheels = [
    { url = "https://files.pythonhosted.org/packages/20/12/38679034af332785aac8774540895e234f4d07f7545804097de4b666afd8/packaging-25.0-py3-none-any.whl", hash = "sha256:29572ef2b1f17581046b3a2227d5c611fb25ec70ca1ba8554b24b0e69331a484", size = 66469, upload-time = "2025-04-19T11:48:57.875Z" },
]

[[package]]
name = "patchelf"
version = "0.17.2.2"
source = { registry = "https://pypi.org/simple" }
sdist = { url = "https://files.pythonhosted.org/packages/0d/41/dc3ee5838db2d90be935adb53ae7745135d9c719d070b1989b246f983c7f/patchelf-0.17.2.2.tar.gz", hash = "sha256:080b2ac3074fd4ab257700088e82470425e56609aa0dd07abe548f04b7b3b007", size = 149517, upload-time = "2025-03-16T08:30:21.909Z" }
wheels = [
    { url = "https://files.pythonhosted.org/packages/8d/15/25b5d10d971f509fe6bc8951b855f0f05be4c24e0dd1616c14a6e1a9116a/patchelf-0.17.2.2-py3-none-manylinux1_i686.manylinux_2_5_i686.musllinux_1_1_i686.whl", hash = "sha256:3b8a4d7cccac04d8231dec321245611bf147b199cbf4da305d1a364ff689fb58", size = 524182, upload-time = "2025-03-16T08:30:11.93Z" },
    { url = "https://files.pythonhosted.org/packages/f2/f9/e070956e350ccdfdf059251836f757ad91ac0c01b0ba3e033ea7188d8d42/patchelf-0.17.2.2-py3-none-manylinux1_x86_64.manylinux_2_5_x86_64.musllinux_1_1_x86_64.whl", hash = "sha256:e334ebb1c5aa9fc740fd95ebe449271899fe1e45a3eb0941300b304f7e3d1299", size = 466519, upload-time = "2025-03-16T08:30:13.383Z" },
    { url = "https://files.pythonhosted.org/packages/56/0d/dc3ac6c6e9e9d0d3e40bee1abe95a07034f83627319e60a7dc9abdbfafee/patchelf-0.17.2.2-py3-none-manylinux2014_aarch64.manylinux_2_17_aarch64.musllinux_1_1_aarch64.whl", hash = "sha256:3d32cd69442a229724f7f071b61cef1f87ccd80cf755af0b1ecefd553fa9ae3f", size = 462123, upload-time = "2025-03-16T08:30:15.57Z" },
    { url = "https://files.pythonhosted.org/packages/1e/f6/b842b19c2b72df1c524ab3793c3ec9cf3926c7c841e0b64b34f95d7fb806/patchelf-0.17.2.2-py3-none-manylinux2014_armv7l.manylinux_2_17_armv7l.musllinux_1_1_armv7l.whl", hash = "sha256:05f6bbdbe484439cb025e20c60abd37e432e6798dfa3f39a072e6b7499072a8c", size = 412347, upload-time = "2025-03-16T08:30:17.332Z" },
    { url = "https://files.pythonhosted.org/packages/a8/0b/33eb3087703d903dd01cf6b0d64e067bf3718a5e8b1239bc6fc2c4b1fdb2/patchelf-0.17.2.2-py3-none-manylinux2014_ppc64le.manylinux_2_17_ppc64le.musllinux_1_1_ppc64le.whl", hash = "sha256:b54e79ceb444ec6a536a5dc2e8fc9c771ec6a1fa7d5f4dbb3dc0e5b8e5ff82e1", size = 522827, upload-time = "2025-03-16T08:30:18.774Z" },
    { url = "https://files.pythonhosted.org/packages/4f/25/6379dc26714b5a40f51b3c7927d668b00a51517e857da7f3cb09d1d0bcb6/patchelf-0.17.2.2-py3-none-manylinux2014_s390x.manylinux_2_17_s390x.musllinux_1_1_s390x.whl", hash = "sha256:24374cdbd9a072230339024fb6922577cb3231396640610b069f678bc483f21e", size = 565961, upload-time = "2025-03-16T08:30:20.524Z" },
]

[[package]]
name = "platformdirs"
version = "4.9.4"
source = { registry = "https://pypi.org/simple" }
sdist = { url = "https://files.pythonhosted.org/packages/19/56/8d4c30c8a1d07013911a8fdbd8f89440ef9f08d07a1b50ab8ca8be5a20f9/platformdirs-4.9.4.tar.gz", hash = "sha256:1ec356301b7dc906d83f371c8f487070e99d3ccf9e501686456394622a01a934", size = 28737, upload-time = "2026-03-05T18:34:13.271Z" }
wheels = [
    { url = "https://files.pythonhosted.org/packages/63/d7/97f7e3a6abb67d8080dd406fd4df842c2be0efaf712d1c899c32a075027c/platformdirs-4.9.4-py3-none-any.whl", hash = "sha256:68a9a4619a666ea6439f2ff250c12a853cd1cbd5158d258bd824a7df6be2f868", size = 21216, upload-time = "2026-03-05T18:34:12.172Z" },
]

[[package]]
name = "semver"
version = "3.0.4"
source = { registry = "https://pypi.org/simple" }
sdist = { url = "https://files.pythonhosted.org/packages/72/d1/d3159231aec234a59dd7d601e9dd9fe96f3afff15efd33c1070019b26132/semver-3.0.4.tar.gz", hash = "sha256:afc7d8c584a5ed0a11033af086e8af226a9c0b206f313e0301f8dd7b6b589602", size = 269730, upload-time = "2025-01-24T13:19:27.617Z" }
wheels = [
    { url = "https://files.pythonhosted.org/packages/a6/24/4d91e05817e92e3a61c8a21e08fd0f390f5301f1c448b137c57c4bc6e543/semver-3.0.4-py3-none-any.whl", hash = "sha256:9c824d87ba7f7ab4a1890799cec8596f15c1241cb473404ea1cb0c55e4b04746", size = 17912, upload-time = "2025-01-24T13:19:24.949Z" },
]

[[package]]
name = "setuptools"
version = "82.0.0"
source = { registry = "https://pypi.org/simple" }
sdist = { url = "https://files.pythonhosted.org/packages/82/f3/748f4d6f65d1756b9ae577f329c951cda23fb900e4de9f70900ced962085/setuptools-82.0.0.tar.gz", hash = "sha256:22e0a2d69474c6ae4feb01951cb69d515ed23728cf96d05513d36e42b62b37cb", size = 1144893, upload-time = "2026-02-08T15:08:40.206Z" }
wheels = [
    { url = "https://files.pythonhosted.org/packages/e1/c6/76dc613121b793286a3f91621d7b75a2b493e0390ddca50f11993eadf192/setuptools-82.0.0-py3-none-any.whl", hash = "sha256:70b18734b607bd1da571d097d236cfcfacaf01de45717d59e6e04b96877532e0", size = 1003468, upload-time = "2026-02-08T15:08:38.723Z" },
]

[[package]]
name = "striprtf"
version = "0.0.29"
source = { registry = "https://pypi.org/simple" }
sdist = { url = "https://files.pythonhosted.org/packages/f3/86/7154b7c625a3ff704581dab70c05389e1de90233b7a751f79f712c2ca0e9/striprtf-0.0.29.tar.gz", hash = "sha256:5a822d075e17417934ed3add6fc79b5fc8fb544fe4370b2f894cdd28f0ddd78e", size = 7533, upload-time = "2025-03-27T22:55:56.874Z" }
wheels = [
    { url = "https://files.pythonhosted.org/packages/08/3e/1418afacc4aae04690cff282078f22620c89a99490499878ececc3021654/striprtf-0.0.29-py3-none-any.whl", hash = "sha256:0fc6a41999d015358d19627776b616424dd501ad698105c81d76734d1e14d91b", size = 7879, upload-time = "2025-03-27T22:55:55.977Z" },
]
